// !$*UTF8*$!
{
	archiveVersion = 1;
	classes = {
	};
	objectVersion = 52;
	objects = {

/* Begin PBXBuildFile section */
		041E1E2124E1E1510052831D /* OktaAuth in Frameworks */ = {isa = PBXBuildFile; productRef = 041E1E2024E1E1510052831D /* OktaAuth */; };
		463AD24324CF275900447BB8 /* ProfileDetailViewController.swift in Sources */ = {isa = PBXBuildFile; fileRef = 463AD24224CF275900447BB8 /* ProfileDetailViewController.swift */; };
		463AD24524CF2CDB00447BB8 /* AddProfileViewController.swift in Sources */ = {isa = PBXBuildFile; fileRef = 463AD24424CF2CDB00447BB8 /* AddProfileViewController.swift */; };
		466C4274249A8748007D033E /* AppDelegate.swift in Sources */ = {isa = PBXBuildFile; fileRef = 466C4273249A8748007D033E /* AppDelegate.swift */; };
		466C4276249A8748007D033E /* SceneDelegate.swift in Sources */ = {isa = PBXBuildFile; fileRef = 466C4275249A8748007D033E /* SceneDelegate.swift */; };
		466C427B249A8748007D033E /* Main.storyboard in Resources */ = {isa = PBXBuildFile; fileRef = 466C4279249A8748007D033E /* Main.storyboard */; };
		466C427D249A8749007D033E /* Assets.xcassets in Resources */ = {isa = PBXBuildFile; fileRef = 466C427C249A8749007D033E /* Assets.xcassets */; };
		466C4280249A8749007D033E /* LaunchScreen.storyboard in Resources */ = {isa = PBXBuildFile; fileRef = 466C427E249A8749007D033E /* LaunchScreen.storyboard */; };
		46BEB4E124C9828800FE0CD1 /* Profile.swift in Sources */ = {isa = PBXBuildFile; fileRef = 46BEB4E024C9828800FE0CD1 /* Profile.swift */; };
		46BEB4E524C98CDC00FE0CD1 /* LoginViewController.swift in Sources */ = {isa = PBXBuildFile; fileRef = 46BEB4E424C98CDC00FE0CD1 /* LoginViewController.swift */; };
		46BEB4E724C98D8900FE0CD1 /* Notifications.swift in Sources */ = {isa = PBXBuildFile; fileRef = 46BEB4E624C98D8900FE0CD1 /* Notifications.swift */; };
		46BEB4E924C98DAF00FE0CD1 /* ProfileListViewController.swift in Sources */ = {isa = PBXBuildFile; fileRef = 46BEB4E824C98DAF00FE0CD1 /* ProfileListViewController.swift */; };
		46BEB4EE24C98ECC00FE0CD1 /* ProfileController.swift in Sources */ = {isa = PBXBuildFile; fileRef = 46BEB4ED24C98ECC00FE0CD1 /* ProfileController.swift */; };
		46BEB4F124C98F0D00FE0CD1 /* Profiles.storyboard in Resources */ = {isa = PBXBuildFile; fileRef = 46BEB4F024C98F0D00FE0CD1 /* Profiles.storyboard */; };
		46BF10BE24D388FF001C6753 /* UIViewController+SimpleAlert.swift in Sources */ = {isa = PBXBuildFile; fileRef = 46BF10BD24D388FF001C6753 /* UIViewController+SimpleAlert.swift */; };
		46C2BC9224D432F90077E49D /* ProfileTabBarViewController.swift in Sources */ = {isa = PBXBuildFile; fileRef = 46C2BC9124D432F90077E49D /* ProfileTabBarViewController.swift */; };
		990CA23D24DB69D9002B5FA4 /* AppFlowCoordinator.swift in Sources */ = {isa = PBXBuildFile; fileRef = 990CA23C24DB69D9002B5FA4 /* AppFlowCoordinator.swift */; };
		990CA23F24DB69ED002B5FA4 /* FlowCoordinator.swift in Sources */ = {isa = PBXBuildFile; fileRef = 990CA23E24DB69ED002B5FA4 /* FlowCoordinator.swift */; };
		990CA24224DB6C19002B5FA4 /* UIStoryboard+Constants.swift in Sources */ = {isa = PBXBuildFile; fileRef = 990CA24124DB6C19002B5FA4 /* UIStoryboard+Constants.swift */; };
		994E4B7324DDB48800C12921 /* ImpactCoordinator.swift in Sources */ = {isa = PBXBuildFile; fileRef = 994E4B7224DDB48800C12921 /* ImpactCoordinator.swift */; };
		994E4B7524DDB4A100C12921 /* PickupCoordinator.swift in Sources */ = {isa = PBXBuildFile; fileRef = 994E4B7424DDB4A100C12921 /* PickupCoordinator.swift */; };
		994E4B7724DDB55E00C12921 /* ImpactViewController.swift in Sources */ = {isa = PBXBuildFile; fileRef = 994E4B7624DDB55E00C12921 /* ImpactViewController.swift */; };
		994E4B7924DDB58300C12921 /* UtilityFunctions.swift in Sources */ = {isa = PBXBuildFile; fileRef = 994E4B7824DDB58300C12921 /* UtilityFunctions.swift */; };
		994E4B8124DDB67000C12921 /* EcoSoapBankTests.swift in Sources */ = {isa = PBXBuildFile; fileRef = 994E4B8024DDB67000C12921 /* EcoSoapBankTests.swift */; };
		994E4B8924DDB68700C12921 /* UtilityTests.swift in Sources */ = {isa = PBXBuildFile; fileRef = 994E4B8824DDB68700C12921 /* UtilityTests.swift */; };
		998913CF24DDFE54009ADBC1 /* PickupHistoryView.swift in Sources */ = {isa = PBXBuildFile; fileRef = 998913CE24DDFE54009ADBC1 /* PickupHistoryView.swift */; };
		998913D124DDFF96009ADBC1 /* PickupController.swift in Sources */ = {isa = PBXBuildFile; fileRef = 998913D024DDFF96009ADBC1 /* PickupController.swift */; };
		998913D324DDFFA8009ADBC1 /* Pickup.swift in Sources */ = {isa = PBXBuildFile; fileRef = 998913D224DDFFA8009ADBC1 /* Pickup.swift */; };
		998913D524DE0907009ADBC1 /* PickupListItem.swift in Sources */ = {isa = PBXBuildFile; fileRef = 998913D424DE0907009ADBC1 /* PickupListItem.swift */; };
		998913D724DE0C34009ADBC1 /* Property.swift in Sources */ = {isa = PBXBuildFile; fileRef = 998913D624DE0C33009ADBC1 /* Property.swift */; };
		998913D924DE0C90009ADBC1 /* HospitalityService.swift in Sources */ = {isa = PBXBuildFile; fileRef = 998913D824DE0C90009ADBC1 /* HospitalityService.swift */; };
		998913DB24DE1AC6009ADBC1 /* SwiftUI+Extensions.swift in Sources */ = {isa = PBXBuildFile; fileRef = 998913DA24DE1AC6009ADBC1 /* SwiftUI+Extensions.swift */; };
		9998716424E1E8C4000A993E /* PickupsView.swift in Sources */ = {isa = PBXBuildFile; fileRef = 9998716324E1E8C4000A993E /* PickupsView.swift */; };
/* End PBXBuildFile section */

/* Begin PBXContainerItemProxy section */
		994E4B8324DDB67000C12921 /* PBXContainerItemProxy */ = {
			isa = PBXContainerItemProxy;
			containerPortal = 466C4268249A8748007D033E /* Project object */;
			proxyType = 1;
			remoteGlobalIDString = 466C426F249A8748007D033E;
			remoteInfo = EcoSoapBank;
		};
/* End PBXContainerItemProxy section */

/* Begin PBXFileReference section */
		463AD24224CF275900447BB8 /* ProfileDetailViewController.swift */ = {isa = PBXFileReference; lastKnownFileType = sourcecode.swift; path = ProfileDetailViewController.swift; sourceTree = "<group>"; };
		463AD24424CF2CDB00447BB8 /* AddProfileViewController.swift */ = {isa = PBXFileReference; lastKnownFileType = sourcecode.swift; path = AddProfileViewController.swift; sourceTree = "<group>"; };
		466C4270249A8748007D033E /* EcoSoapBank.app */ = {isa = PBXFileReference; explicitFileType = wrapper.application; includeInIndex = 0; path = EcoSoapBank.app; sourceTree = BUILT_PRODUCTS_DIR; };
		466C4273249A8748007D033E /* AppDelegate.swift */ = {isa = PBXFileReference; lastKnownFileType = sourcecode.swift; path = AppDelegate.swift; sourceTree = "<group>"; };
		466C4275249A8748007D033E /* SceneDelegate.swift */ = {isa = PBXFileReference; lastKnownFileType = sourcecode.swift; path = SceneDelegate.swift; sourceTree = "<group>"; };
		466C427A249A8748007D033E /* Base */ = {isa = PBXFileReference; lastKnownFileType = file.storyboard; name = Base; path = Base.lproj/Main.storyboard; sourceTree = "<group>"; };
		466C427C249A8749007D033E /* Assets.xcassets */ = {isa = PBXFileReference; lastKnownFileType = folder.assetcatalog; path = Assets.xcassets; sourceTree = "<group>"; };
		466C427F249A8749007D033E /* Base */ = {isa = PBXFileReference; lastKnownFileType = file.storyboard; name = Base; path = Base.lproj/LaunchScreen.storyboard; sourceTree = "<group>"; };
		466C4281249A8749007D033E /* Info.plist */ = {isa = PBXFileReference; lastKnownFileType = text.plist.xml; path = Info.plist; sourceTree = "<group>"; };
		466C4287249A889F007D033E /* File Organization.md */ = {isa = PBXFileReference; lastKnownFileType = net.daringfireball.markdown; path = "File Organization.md"; sourceTree = "<group>"; };
		46BEB4E024C9828800FE0CD1 /* Profile.swift */ = {isa = PBXFileReference; lastKnownFileType = sourcecode.swift; path = Profile.swift; sourceTree = "<group>"; };
		46BEB4E424C98CDC00FE0CD1 /* LoginViewController.swift */ = {isa = PBXFileReference; lastKnownFileType = sourcecode.swift; path = LoginViewController.swift; sourceTree = "<group>"; };
		46BEB4E624C98D8900FE0CD1 /* Notifications.swift */ = {isa = PBXFileReference; lastKnownFileType = sourcecode.swift; path = Notifications.swift; sourceTree = "<group>"; };
		46BEB4E824C98DAF00FE0CD1 /* ProfileListViewController.swift */ = {isa = PBXFileReference; lastKnownFileType = sourcecode.swift; path = ProfileListViewController.swift; sourceTree = "<group>"; };
		46BEB4ED24C98ECC00FE0CD1 /* ProfileController.swift */ = {isa = PBXFileReference; fileEncoding = 4; lastKnownFileType = sourcecode.swift; path = ProfileController.swift; sourceTree = "<group>"; };
		46BEB4F024C98F0D00FE0CD1 /* Profiles.storyboard */ = {isa = PBXFileReference; lastKnownFileType = file.storyboard; path = Profiles.storyboard; sourceTree = "<group>"; };
		46BF10BD24D388FF001C6753 /* UIViewController+SimpleAlert.swift */ = {isa = PBXFileReference; lastKnownFileType = sourcecode.swift; path = "UIViewController+SimpleAlert.swift"; sourceTree = "<group>"; };
		46C2BC9124D432F90077E49D /* ProfileTabBarViewController.swift */ = {isa = PBXFileReference; lastKnownFileType = sourcecode.swift; path = ProfileTabBarViewController.swift; sourceTree = "<group>"; };
		990CA23C24DB69D9002B5FA4 /* AppFlowCoordinator.swift */ = {isa = PBXFileReference; lastKnownFileType = sourcecode.swift; path = AppFlowCoordinator.swift; sourceTree = "<group>"; };
		990CA23E24DB69ED002B5FA4 /* FlowCoordinator.swift */ = {isa = PBXFileReference; lastKnownFileType = sourcecode.swift; path = FlowCoordinator.swift; sourceTree = "<group>"; };
		990CA24124DB6C19002B5FA4 /* UIStoryboard+Constants.swift */ = {isa = PBXFileReference; lastKnownFileType = sourcecode.swift; path = "UIStoryboard+Constants.swift"; sourceTree = "<group>"; };
		994E4B7224DDB48800C12921 /* ImpactCoordinator.swift */ = {isa = PBXFileReference; lastKnownFileType = sourcecode.swift; path = ImpactCoordinator.swift; sourceTree = "<group>"; };
		994E4B7424DDB4A100C12921 /* PickupCoordinator.swift */ = {isa = PBXFileReference; lastKnownFileType = sourcecode.swift; path = PickupCoordinator.swift; sourceTree = "<group>"; };
		994E4B7624DDB55E00C12921 /* ImpactViewController.swift */ = {isa = PBXFileReference; lastKnownFileType = sourcecode.swift; path = ImpactViewController.swift; sourceTree = "<group>"; };
		994E4B7824DDB58300C12921 /* UtilityFunctions.swift */ = {isa = PBXFileReference; lastKnownFileType = sourcecode.swift; path = UtilityFunctions.swift; sourceTree = "<group>"; };
		994E4B7E24DDB67000C12921 /* EcoSoapBankTests.xctest */ = {isa = PBXFileReference; explicitFileType = wrapper.cfbundle; includeInIndex = 0; path = EcoSoapBankTests.xctest; sourceTree = BUILT_PRODUCTS_DIR; };
		994E4B8024DDB67000C12921 /* EcoSoapBankTests.swift */ = {isa = PBXFileReference; lastKnownFileType = sourcecode.swift; path = EcoSoapBankTests.swift; sourceTree = "<group>"; };
		994E4B8224DDB67000C12921 /* Info.plist */ = {isa = PBXFileReference; lastKnownFileType = text.plist.xml; path = Info.plist; sourceTree = "<group>"; };
		994E4B8824DDB68700C12921 /* UtilityTests.swift */ = {isa = PBXFileReference; lastKnownFileType = sourcecode.swift; path = UtilityTests.swift; sourceTree = "<group>"; };
		998913CE24DDFE54009ADBC1 /* PickupHistoryView.swift */ = {isa = PBXFileReference; lastKnownFileType = sourcecode.swift; path = PickupHistoryView.swift; sourceTree = "<group>"; };
		998913D024DDFF96009ADBC1 /* PickupController.swift */ = {isa = PBXFileReference; lastKnownFileType = sourcecode.swift; path = PickupController.swift; sourceTree = "<group>"; };
		998913D224DDFFA8009ADBC1 /* Pickup.swift */ = {isa = PBXFileReference; lastKnownFileType = sourcecode.swift; path = Pickup.swift; sourceTree = "<group>"; };
		998913D424DE0907009ADBC1 /* PickupListItem.swift */ = {isa = PBXFileReference; lastKnownFileType = sourcecode.swift; path = PickupListItem.swift; sourceTree = "<group>"; };
		998913D624DE0C33009ADBC1 /* Property.swift */ = {isa = PBXFileReference; lastKnownFileType = sourcecode.swift; path = Property.swift; sourceTree = "<group>"; };
		998913D824DE0C90009ADBC1 /* HospitalityService.swift */ = {isa = PBXFileReference; lastKnownFileType = sourcecode.swift; path = HospitalityService.swift; sourceTree = "<group>"; };
		998913DA24DE1AC6009ADBC1 /* SwiftUI+Extensions.swift */ = {isa = PBXFileReference; lastKnownFileType = sourcecode.swift; path = "SwiftUI+Extensions.swift"; sourceTree = "<group>"; };
		9998716324E1E8C4000A993E /* PickupsView.swift */ = {isa = PBXFileReference; lastKnownFileType = sourcecode.swift; path = PickupsView.swift; sourceTree = "<group>"; };
/* End PBXFileReference section */

/* Begin PBXFrameworksBuildPhase section */
		466C426D249A8748007D033E /* Frameworks */ = {
			isa = PBXFrameworksBuildPhase;
			buildActionMask = 2147483647;
			files = (
				041E1E2124E1E1510052831D /* OktaAuth in Frameworks */,
			);
			runOnlyForDeploymentPostprocessing = 0;
		};
		994E4B7B24DDB67000C12921 /* Frameworks */ = {
			isa = PBXFrameworksBuildPhase;
			buildActionMask = 2147483647;
			files = (
			);
			runOnlyForDeploymentPostprocessing = 0;
		};
/* End PBXFrameworksBuildPhase section */

/* Begin PBXGroup section */
		465DAA2724BD0BC100D94C24 /* App */ = {
			isa = PBXGroup;
			children = (
				466C427C249A8749007D033E /* Assets.xcassets */,
				990CA23C24DB69D9002B5FA4 /* AppFlowCoordinator.swift */,
				466C4273249A8748007D033E /* AppDelegate.swift */,
				466C4275249A8748007D033E /* SceneDelegate.swift */,
				466C427E249A8749007D033E /* LaunchScreen.storyboard */,
			);
			path = App;
			sourceTree = "<group>";
		};
		466C4267249A8748007D033E = {
			isa = PBXGroup;
			children = (
				466C4272249A8748007D033E /* EcoSoapBank */,
				994E4B7F24DDB67000C12921 /* EcoSoapBankTests */,
				466C4271249A8748007D033E /* Products */,
			);
			sourceTree = "<group>";
		};
		466C4271249A8748007D033E /* Products */ = {
			isa = PBXGroup;
			children = (
				466C4270249A8748007D033E /* EcoSoapBank.app */,
				994E4B7E24DDB67000C12921 /* EcoSoapBankTests.xctest */,
			);
			name = Products;
			sourceTree = "<group>";
		};
		466C4272249A8748007D033E /* EcoSoapBank */ = {
			isa = PBXGroup;
			children = (
				994E4B6D24DDAEA800C12921 /* Impact */,
				994E4B6E24DDAEB100C12921 /* Pickups */,
				994E4B6F24DDAEB700C12921 /* Payment */,
				46BEB4F224C98F1100FE0CD1 /* Profile */,
				46BEB4EF24C98ED900FE0CD1 /* Login */,
				46BEB4EB24C98EB400FE0CD1 /* Model */,
				46BEB4EC24C98EBB00FE0CD1 /* Model Controller */,
				46BEB4EA24C98EA300FE0CD1 /* Helpers */,
				465DAA2724BD0BC100D94C24 /* App */,
				466C4281249A8749007D033E /* Info.plist */,
				466C4287249A889F007D033E /* File Organization.md */,
			);
			path = EcoSoapBank;
			sourceTree = "<group>";
		};
		46BEB4EA24C98EA300FE0CD1 /* Helpers */ = {
			isa = PBXGroup;
			children = (
				46BEB4E624C98D8900FE0CD1 /* Notifications.swift */,
				46BF10BD24D388FF001C6753 /* UIViewController+SimpleAlert.swift */,
				990CA24124DB6C19002B5FA4 /* UIStoryboard+Constants.swift */,
				994E4B7824DDB58300C12921 /* UtilityFunctions.swift */,
				998913DA24DE1AC6009ADBC1 /* SwiftUI+Extensions.swift */,
			);
			path = Helpers;
			sourceTree = "<group>";
		};
		46BEB4EB24C98EB400FE0CD1 /* Model */ = {
			isa = PBXGroup;
			children = (
				46BEB4E024C9828800FE0CD1 /* Profile.swift */,
				998913D224DDFFA8009ADBC1 /* Pickup.swift */,
				998913D824DE0C90009ADBC1 /* HospitalityService.swift */,
				998913D624DE0C33009ADBC1 /* Property.swift */,
				990CA24024DB6A6C002B5FA4 /* Protocols */,
			);
			path = Model;
			sourceTree = "<group>";
		};
		46BEB4EC24C98EBB00FE0CD1 /* Model Controller */ = {
			isa = PBXGroup;
			children = (
				46BEB4ED24C98ECC00FE0CD1 /* ProfileController.swift */,
				998913D024DDFF96009ADBC1 /* PickupController.swift */,
			);
			path = "Model Controller";
			sourceTree = "<group>";
		};
		46BEB4EF24C98ED900FE0CD1 /* Login */ = {
			isa = PBXGroup;
			children = (
				46BEB4E424C98CDC00FE0CD1 /* LoginViewController.swift */,
				463AD24424CF2CDB00447BB8 /* AddProfileViewController.swift */,
				466C4279249A8748007D033E /* Main.storyboard */,
				46C2BC9124D432F90077E49D /* ProfileTabBarViewController.swift */,
			);
			path = Login;
			sourceTree = "<group>";
		};
		46BEB4F224C98F1100FE0CD1 /* Profile */ = {
			isa = PBXGroup;
			children = (
				46BEB4E824C98DAF00FE0CD1 /* ProfileListViewController.swift */,
				463AD24224CF275900447BB8 /* ProfileDetailViewController.swift */,
				46BEB4F024C98F0D00FE0CD1 /* Profiles.storyboard */,
			);
			path = Profile;
			sourceTree = "<group>";
		};
		990CA24024DB6A6C002B5FA4 /* Protocols */ = {
			isa = PBXGroup;
			children = (
				990CA23E24DB69ED002B5FA4 /* FlowCoordinator.swift */,
			);
			path = Protocols;
			sourceTree = "<group>";
		};
		994E4B6D24DDAEA800C12921 /* Impact */ = {
			isa = PBXGroup;
			children = (
				994E4B7224DDB48800C12921 /* ImpactCoordinator.swift */,
				994E4B7624DDB55E00C12921 /* ImpactViewController.swift */,
			);
			path = Impact;
			sourceTree = "<group>";
		};
		994E4B6E24DDAEB100C12921 /* Pickups */ = {
			isa = PBXGroup;
			children = (
				994E4B7424DDB4A100C12921 /* PickupCoordinator.swift */,
				9998716324E1E8C4000A993E /* PickupsView.swift */,
				998913CE24DDFE54009ADBC1 /* PickupHistoryView.swift */,
				998913D424DE0907009ADBC1 /* PickupListItem.swift */,
			);
			path = Pickups;
			sourceTree = "<group>";
		};
		994E4B6F24DDAEB700C12921 /* Payment */ = {
			isa = PBXGroup;
			children = (
			);
			path = Payment;
			sourceTree = "<group>";
		};
		994E4B7F24DDB67000C12921 /* EcoSoapBankTests */ = {
			isa = PBXGroup;
			children = (
				994E4B8024DDB67000C12921 /* EcoSoapBankTests.swift */,
				994E4B8824DDB68700C12921 /* UtilityTests.swift */,
				994E4B8224DDB67000C12921 /* Info.plist */,
			);
			path = EcoSoapBankTests;
			sourceTree = "<group>";
		};
/* End PBXGroup section */

/* Begin PBXNativeTarget section */
		466C426F249A8748007D033E /* EcoSoapBank */ = {
			isa = PBXNativeTarget;
			buildConfigurationList = 466C4284249A8749007D033E /* Build configuration list for PBXNativeTarget "EcoSoapBank" */;
			buildPhases = (
				466C426C249A8748007D033E /* Sources */,
				466C426D249A8748007D033E /* Frameworks */,
				466C426E249A8748007D033E /* Resources */,
				9998716224E1AD26000A993E /* SwiftLint */,
			);
			buildRules = (
			);
			dependencies = (
			);
			name = EcoSoapBank;
			packageProductDependencies = (
				041E1E2024E1E1510052831D /* OktaAuth */,
			);
			productName = LabsScaffolding;
			productReference = 466C4270249A8748007D033E /* EcoSoapBank.app */;
			productType = "com.apple.product-type.application";
		};
		994E4B7D24DDB67000C12921 /* EcoSoapBankTests */ = {
			isa = PBXNativeTarget;
			buildConfigurationList = 994E4B8524DDB67000C12921 /* Build configuration list for PBXNativeTarget "EcoSoapBankTests" */;
			buildPhases = (
				994E4B7A24DDB67000C12921 /* Sources */,
				994E4B7B24DDB67000C12921 /* Frameworks */,
				994E4B7C24DDB67000C12921 /* Resources */,
			);
			buildRules = (
			);
			dependencies = (
				994E4B8424DDB67000C12921 /* PBXTargetDependency */,
			);
			name = EcoSoapBankTests;
			productName = EcoSoapBankTests;
			productReference = 994E4B7E24DDB67000C12921 /* EcoSoapBankTests.xctest */;
			productType = "com.apple.product-type.bundle.unit-test";
		};
/* End PBXNativeTarget section */

/* Begin PBXProject section */
		466C4268249A8748007D033E /* Project object */ = {
			isa = PBXProject;
			attributes = {
				LastSwiftUpdateCheck = 1160;
				LastUpgradeCheck = 1150;
				ORGANIZATIONNAME = "Spencer Curtis";
				TargetAttributes = {
					466C426F249A8748007D033E = {
						CreatedOnToolsVersion = 11.5;
					};
					994E4B7D24DDB67000C12921 = {
						CreatedOnToolsVersion = 11.6;
						TestTargetID = 466C426F249A8748007D033E;
					};
				};
			};
			buildConfigurationList = 466C426B249A8748007D033E /* Build configuration list for PBXProject "EcoSoapBank" */;
			compatibilityVersion = "Xcode 9.3";
			developmentRegion = en;
			hasScannedForEncodings = 0;
			knownRegions = (
				en,
				Base,
			);
			mainGroup = 466C4267249A8748007D033E;
			packageReferences = (
				041E1E1F24E1E1510052831D /* XCRemoteSwiftPackageReference "OktaAuth" */,
			);
			productRefGroup = 466C4271249A8748007D033E /* Products */;
			projectDirPath = "";
			projectRoot = "";
			targets = (
				466C426F249A8748007D033E /* EcoSoapBank */,
				994E4B7D24DDB67000C12921 /* EcoSoapBankTests */,
			);
		};
/* End PBXProject section */

/* Begin PBXResourcesBuildPhase section */
		466C426E249A8748007D033E /* Resources */ = {
			isa = PBXResourcesBuildPhase;
			buildActionMask = 2147483647;
			files = (
				466C4280249A8749007D033E /* LaunchScreen.storyboard in Resources */,
				466C427D249A8749007D033E /* Assets.xcassets in Resources */,
				46BEB4F124C98F0D00FE0CD1 /* Profiles.storyboard in Resources */,
				466C427B249A8748007D033E /* Main.storyboard in Resources */,
			);
			runOnlyForDeploymentPostprocessing = 0;
		};
		994E4B7C24DDB67000C12921 /* Resources */ = {
			isa = PBXResourcesBuildPhase;
			buildActionMask = 2147483647;
			files = (
			);
			runOnlyForDeploymentPostprocessing = 0;
		};
/* End PBXResourcesBuildPhase section */

/* Begin PBXShellScriptBuildPhase section */
		9998716224E1AD26000A993E /* SwiftLint */ = {
			isa = PBXShellScriptBuildPhase;
			buildActionMask = 2147483647;
			files = (
			);
			inputFileListPaths = (
			);
			inputPaths = (
			);
			name = SwiftLint;
			outputFileListPaths = (
			);
			outputPaths = (
			);
			runOnlyForDeploymentPostprocessing = 0;
			shellPath = /bin/sh;
			shellScript = "if which swiftlint >/dev/null; then\n  swiftlint\nelse\n  echo \"warning: SwiftLint not installed, download from https://github.com/realm/SwiftLint\"\nfi\n";
		};
/* End PBXShellScriptBuildPhase section */

/* Begin PBXSourcesBuildPhase section */
		466C426C249A8748007D033E /* Sources */ = {
			isa = PBXSourcesBuildPhase;
			buildActionMask = 2147483647;
			files = (
				46BEB4EE24C98ECC00FE0CD1 /* ProfileController.swift in Sources */,
				46BF10BE24D388FF001C6753 /* UIViewController+SimpleAlert.swift in Sources */,
				990CA24224DB6C19002B5FA4 /* UIStoryboard+Constants.swift in Sources */,
				994E4B7324DDB48800C12921 /* ImpactCoordinator.swift in Sources */,
				990CA23F24DB69ED002B5FA4 /* FlowCoordinator.swift in Sources */,
				994E4B7524DDB4A100C12921 /* PickupCoordinator.swift in Sources */,
				998913D324DDFFA8009ADBC1 /* Pickup.swift in Sources */,
				46BEB4E724C98D8900FE0CD1 /* Notifications.swift in Sources */,
				46BEB4E124C9828800FE0CD1 /* Profile.swift in Sources */,
				990CA23D24DB69D9002B5FA4 /* AppFlowCoordinator.swift in Sources */,
				994E4B7924DDB58300C12921 /* UtilityFunctions.swift in Sources */,
				994E4B7724DDB55E00C12921 /* ImpactViewController.swift in Sources */,
				998913D524DE0907009ADBC1 /* PickupListItem.swift in Sources */,
				998913CF24DDFE54009ADBC1 /* PickupHistoryView.swift in Sources */,
				998913D724DE0C34009ADBC1 /* Property.swift in Sources */,
				46BEB4E924C98DAF00FE0CD1 /* ProfileListViewController.swift in Sources */,
				9998716424E1E8C4000A993E /* PickupsView.swift in Sources */,
				998913D124DDFF96009ADBC1 /* PickupController.swift in Sources */,
				463AD24524CF2CDB00447BB8 /* AddProfileViewController.swift in Sources */,
				466C4274249A8748007D033E /* AppDelegate.swift in Sources */,
				46C2BC9224D432F90077E49D /* ProfileTabBarViewController.swift in Sources */,
				463AD24324CF275900447BB8 /* ProfileDetailViewController.swift in Sources */,
				46BEB4E524C98CDC00FE0CD1 /* LoginViewController.swift in Sources */,
				998913DB24DE1AC6009ADBC1 /* SwiftUI+Extensions.swift in Sources */,
				998913D924DE0C90009ADBC1 /* HospitalityService.swift in Sources */,
				466C4276249A8748007D033E /* SceneDelegate.swift in Sources */,
			);
			runOnlyForDeploymentPostprocessing = 0;
		};
		994E4B7A24DDB67000C12921 /* Sources */ = {
			isa = PBXSourcesBuildPhase;
			buildActionMask = 2147483647;
			files = (
				994E4B8924DDB68700C12921 /* UtilityTests.swift in Sources */,
				994E4B8124DDB67000C12921 /* EcoSoapBankTests.swift in Sources */,
			);
			runOnlyForDeploymentPostprocessing = 0;
		};
/* End PBXSourcesBuildPhase section */

/* Begin PBXTargetDependency section */
		994E4B8424DDB67000C12921 /* PBXTargetDependency */ = {
			isa = PBXTargetDependency;
			target = 466C426F249A8748007D033E /* EcoSoapBank */;
			targetProxy = 994E4B8324DDB67000C12921 /* PBXContainerItemProxy */;
		};
/* End PBXTargetDependency section */

/* Begin PBXVariantGroup section */
		466C4279249A8748007D033E /* Main.storyboard */ = {
			isa = PBXVariantGroup;
			children = (
				466C427A249A8748007D033E /* Base */,
			);
			name = Main.storyboard;
			sourceTree = "<group>";
		};
		466C427E249A8749007D033E /* LaunchScreen.storyboard */ = {
			isa = PBXVariantGroup;
			children = (
				466C427F249A8749007D033E /* Base */,
			);
			name = LaunchScreen.storyboard;
			sourceTree = "<group>";
		};
/* End PBXVariantGroup section */

/* Begin XCBuildConfiguration section */
		466C4282249A8749007D033E /* Debug */ = {
			isa = XCBuildConfiguration;
			buildSettings = {
				ALWAYS_SEARCH_USER_PATHS = NO;
				CLANG_ANALYZER_NONNULL = YES;
				CLANG_ANALYZER_NUMBER_OBJECT_CONVERSION = YES_AGGRESSIVE;
				CLANG_CXX_LANGUAGE_STANDARD = "gnu++14";
				CLANG_CXX_LIBRARY = "libc++";
				CLANG_ENABLE_MODULES = YES;
				CLANG_ENABLE_OBJC_ARC = YES;
				CLANG_ENABLE_OBJC_WEAK = YES;
				CLANG_WARN_BLOCK_CAPTURE_AUTORELEASING = YES;
				CLANG_WARN_BOOL_CONVERSION = YES;
				CLANG_WARN_COMMA = YES;
				CLANG_WARN_CONSTANT_CONVERSION = YES;
				CLANG_WARN_DEPRECATED_OBJC_IMPLEMENTATIONS = YES;
				CLANG_WARN_DIRECT_OBJC_ISA_USAGE = YES_ERROR;
				CLANG_WARN_DOCUMENTATION_COMMENTS = YES;
				CLANG_WARN_EMPTY_BODY = YES;
				CLANG_WARN_ENUM_CONVERSION = YES;
				CLANG_WARN_INFINITE_RECURSION = YES;
				CLANG_WARN_INT_CONVERSION = YES;
				CLANG_WARN_NON_LITERAL_NULL_CONVERSION = YES;
				CLANG_WARN_OBJC_IMPLICIT_RETAIN_SELF = YES;
				CLANG_WARN_OBJC_LITERAL_CONVERSION = YES;
				CLANG_WARN_OBJC_ROOT_CLASS = YES_ERROR;
				CLANG_WARN_RANGE_LOOP_ANALYSIS = YES;
				CLANG_WARN_STRICT_PROTOTYPES = YES;
				CLANG_WARN_SUSPICIOUS_MOVE = YES;
				CLANG_WARN_UNGUARDED_AVAILABILITY = YES_AGGRESSIVE;
				CLANG_WARN_UNREACHABLE_CODE = YES;
				CLANG_WARN__DUPLICATE_METHOD_MATCH = YES;
				COPY_PHASE_STRIP = NO;
				DEBUG_INFORMATION_FORMAT = dwarf;
				ENABLE_STRICT_OBJC_MSGSEND = YES;
				ENABLE_TESTABILITY = YES;
				GCC_C_LANGUAGE_STANDARD = gnu11;
				GCC_DYNAMIC_NO_PIC = NO;
				GCC_NO_COMMON_BLOCKS = YES;
				GCC_OPTIMIZATION_LEVEL = 0;
				GCC_PREPROCESSOR_DEFINITIONS = (
					"DEBUG=1",
					"$(inherited)",
				);
				GCC_WARN_64_TO_32_BIT_CONVERSION = YES;
				GCC_WARN_ABOUT_RETURN_TYPE = YES_ERROR;
				GCC_WARN_UNDECLARED_SELECTOR = YES;
				GCC_WARN_UNINITIALIZED_AUTOS = YES_AGGRESSIVE;
				GCC_WARN_UNUSED_FUNCTION = YES;
				GCC_WARN_UNUSED_VARIABLE = YES;
				IPHONEOS_DEPLOYMENT_TARGET = 13.5;
				MTL_ENABLE_DEBUG_INFO = INCLUDE_SOURCE;
				MTL_FAST_MATH = YES;
				ONLY_ACTIVE_ARCH = YES;
				SDKROOT = iphoneos;
				SWIFT_ACTIVE_COMPILATION_CONDITIONS = DEBUG;
				SWIFT_OPTIMIZATION_LEVEL = "-Onone";
			};
			name = Debug;
		};
		466C4283249A8749007D033E /* Release */ = {
			isa = XCBuildConfiguration;
			buildSettings = {
				ALWAYS_SEARCH_USER_PATHS = NO;
				CLANG_ANALYZER_NONNULL = YES;
				CLANG_ANALYZER_NUMBER_OBJECT_CONVERSION = YES_AGGRESSIVE;
				CLANG_CXX_LANGUAGE_STANDARD = "gnu++14";
				CLANG_CXX_LIBRARY = "libc++";
				CLANG_ENABLE_MODULES = YES;
				CLANG_ENABLE_OBJC_ARC = YES;
				CLANG_ENABLE_OBJC_WEAK = YES;
				CLANG_WARN_BLOCK_CAPTURE_AUTORELEASING = YES;
				CLANG_WARN_BOOL_CONVERSION = YES;
				CLANG_WARN_COMMA = YES;
				CLANG_WARN_CONSTANT_CONVERSION = YES;
				CLANG_WARN_DEPRECATED_OBJC_IMPLEMENTATIONS = YES;
				CLANG_WARN_DIRECT_OBJC_ISA_USAGE = YES_ERROR;
				CLANG_WARN_DOCUMENTATION_COMMENTS = YES;
				CLANG_WARN_EMPTY_BODY = YES;
				CLANG_WARN_ENUM_CONVERSION = YES;
				CLANG_WARN_INFINITE_RECURSION = YES;
				CLANG_WARN_INT_CONVERSION = YES;
				CLANG_WARN_NON_LITERAL_NULL_CONVERSION = YES;
				CLANG_WARN_OBJC_IMPLICIT_RETAIN_SELF = YES;
				CLANG_WARN_OBJC_LITERAL_CONVERSION = YES;
				CLANG_WARN_OBJC_ROOT_CLASS = YES_ERROR;
				CLANG_WARN_RANGE_LOOP_ANALYSIS = YES;
				CLANG_WARN_STRICT_PROTOTYPES = YES;
				CLANG_WARN_SUSPICIOUS_MOVE = YES;
				CLANG_WARN_UNGUARDED_AVAILABILITY = YES_AGGRESSIVE;
				CLANG_WARN_UNREACHABLE_CODE = YES;
				CLANG_WARN__DUPLICATE_METHOD_MATCH = YES;
				COPY_PHASE_STRIP = NO;
				DEBUG_INFORMATION_FORMAT = "dwarf-with-dsym";
				ENABLE_NS_ASSERTIONS = NO;
				ENABLE_STRICT_OBJC_MSGSEND = YES;
				GCC_C_LANGUAGE_STANDARD = gnu11;
				GCC_NO_COMMON_BLOCKS = YES;
				GCC_WARN_64_TO_32_BIT_CONVERSION = YES;
				GCC_WARN_ABOUT_RETURN_TYPE = YES_ERROR;
				GCC_WARN_UNDECLARED_SELECTOR = YES;
				GCC_WARN_UNINITIALIZED_AUTOS = YES_AGGRESSIVE;
				GCC_WARN_UNUSED_FUNCTION = YES;
				GCC_WARN_UNUSED_VARIABLE = YES;
				IPHONEOS_DEPLOYMENT_TARGET = 13.5;
				MTL_ENABLE_DEBUG_INFO = NO;
				MTL_FAST_MATH = YES;
				SDKROOT = iphoneos;
				SWIFT_COMPILATION_MODE = wholemodule;
				SWIFT_OPTIMIZATION_LEVEL = "-O";
				VALIDATE_PRODUCT = YES;
			};
			name = Release;
		};
		466C4285249A8749007D033E /* Debug */ = {
			isa = XCBuildConfiguration;
			buildSettings = {
				ASSETCATALOG_COMPILER_APPICON_NAME = AppIcon;
				CODE_SIGN_STYLE = Automatic;
				INFOPLIST_FILE = EcoSoapBank/Info.plist;
				IPHONEOS_DEPLOYMENT_TARGET = 13.0;
				LD_RUNPATH_SEARCH_PATHS = (
					"$(inherited)",
					"@executable_path/Frameworks",
				);
				PRODUCT_BUNDLE_IDENTIFIER = com.LambdaSchool.EcoSoapBankA;
				PRODUCT_NAME = EcoSoapBank;
				SWIFT_VERSION = 5.0;
				TARGETED_DEVICE_FAMILY = 1;
			};
			name = Debug;
		};
		466C4286249A8749007D033E /* Release */ = {
			isa = XCBuildConfiguration;
			buildSettings = {
				ASSETCATALOG_COMPILER_APPICON_NAME = AppIcon;
				CODE_SIGN_STYLE = Automatic;
				INFOPLIST_FILE = EcoSoapBank/Info.plist;
				IPHONEOS_DEPLOYMENT_TARGET = 13.0;
				LD_RUNPATH_SEARCH_PATHS = (
					"$(inherited)",
					"@executable_path/Frameworks",
				);
				PRODUCT_BUNDLE_IDENTIFIER = com.LambdaSchool.EcoSoapBankA;
				PRODUCT_NAME = EcoSoapBank;
				SWIFT_VERSION = 5.0;
				TARGETED_DEVICE_FAMILY = 1;
			};
			name = Release;
		};
		994E4B8624DDB67000C12921 /* Debug */ = {
			isa = XCBuildConfiguration;
			buildSettings = {
				BUNDLE_LOADER = "$(TEST_HOST)";
				CODE_SIGN_STYLE = Automatic;
				INFOPLIST_FILE = EcoSoapBankTests/Info.plist;
				IPHONEOS_DEPLOYMENT_TARGET = 13.6;
				LD_RUNPATH_SEARCH_PATHS = (
					"$(inherited)",
					"@executable_path/Frameworks",
					"@loader_path/Frameworks",
				);
				PRODUCT_BUNDLE_IDENTIFIER = com.LambdaSchool.EcoSoapBankTests;
				PRODUCT_NAME = "$(TARGET_NAME)";
				SWIFT_VERSION = 5.0;
				TARGETED_DEVICE_FAMILY = "1,2";
				TEST_HOST = "$(BUILT_PRODUCTS_DIR)/EcoSoapBank.app/EcoSoapBank";
			};
			name = Debug;
		};
		994E4B8724DDB67000C12921 /* Release */ = {
			isa = XCBuildConfiguration;
			buildSettings = {
				BUNDLE_LOADER = "$(TEST_HOST)";
				CODE_SIGN_STYLE = Automatic;
				INFOPLIST_FILE = EcoSoapBankTests/Info.plist;
				IPHONEOS_DEPLOYMENT_TARGET = 13.6;
				LD_RUNPATH_SEARCH_PATHS = (
					"$(inherited)",
					"@executable_path/Frameworks",
					"@loader_path/Frameworks",
				);
				PRODUCT_BUNDLE_IDENTIFIER = com.LambdaSchool.EcoSoapBankTests;
				PRODUCT_NAME = "$(TARGET_NAME)";
				SWIFT_VERSION = 5.0;
				TARGETED_DEVICE_FAMILY = "1,2";
				TEST_HOST = "$(BUILT_PRODUCTS_DIR)/EcoSoapBank.app/EcoSoapBank";
			};
			name = Release;
		};
/* End XCBuildConfiguration section */

/* Begin XCConfigurationList section */
		466C426B249A8748007D033E /* Build configuration list for PBXProject "EcoSoapBank" */ = {
			isa = XCConfigurationList;
			buildConfigurations = (
				466C4282249A8749007D033E /* Debug */,
				466C4283249A8749007D033E /* Release */,
			);
			defaultConfigurationIsVisible = 0;
			defaultConfigurationName = Release;
		};
		466C4284249A8749007D033E /* Build configuration list for PBXNativeTarget "EcoSoapBank" */ = {
			isa = XCConfigurationList;
			buildConfigurations = (
				466C4285249A8749007D033E /* Debug */,
				466C4286249A8749007D033E /* Release */,
			);
			defaultConfigurationIsVisible = 0;
			defaultConfigurationName = Release;
		};
		994E4B8524DDB67000C12921 /* Build configuration list for PBXNativeTarget "EcoSoapBankTests" */ = {
			isa = XCConfigurationList;
			buildConfigurations = (
				994E4B8624DDB67000C12921 /* Debug */,
				994E4B8724DDB67000C12921 /* Release */,
			);
			defaultConfigurationIsVisible = 0;
			defaultConfigurationName = Release;
		};
/* End XCConfigurationList section */

/* Begin XCRemoteSwiftPackageReference section */
		041E1E1F24E1E1510052831D /* XCRemoteSwiftPackageReference "OktaAuth" */ = {
			isa = XCRemoteSwiftPackageReference;
			repositoryURL = "https://github.com/SpencerCurtis/OktaAuth.git";
			requirement = {
				kind = upToNextMajorVersion;
				minimumVersion = 1.0.0;
			};
		};
/* End XCRemoteSwiftPackageReference section */

/* Begin XCSwiftPackageProductDependency section */
		041E1E2024E1E1510052831D /* OktaAuth */ = {
			isa = XCSwiftPackageProductDependency;
			package = 041E1E1F24E1E1510052831D /* XCRemoteSwiftPackageReference "OktaAuth" */;
			productName = OktaAuth;
		};
/* End XCSwiftPackageProductDependency section */
	};
	rootObject = 466C4268249A8748007D033E /* Project object */;
}
