// !$*UTF8*$!
{
	archiveVersion = 1;
	classes = {
	};
	objectVersion = 52;
	objects = {

/* Begin PBXBuildFile section */
		041E1E2124E1E1510052831D /* OktaAuth in Frameworks */ = {isa = PBXBuildFile; productRef = 041E1E2024E1E1510052831D /* OktaAuth */; };
		041E1E4824E1EA920052831D /* Montserrat-MediumItalic.otf in Resources */ = {isa = PBXBuildFile; fileRef = 041E1E2324E1EA920052831D /* Montserrat-MediumItalic.otf */; };
		041E1E4924E1EA920052831D /* Montserrat-Bold.otf in Resources */ = {isa = PBXBuildFile; fileRef = 041E1E2424E1EA920052831D /* Montserrat-Bold.otf */; };
		041E1E4A24E1EA920052831D /* Montserrat-BlackItalic.otf in Resources */ = {isa = PBXBuildFile; fileRef = 041E1E2524E1EA920052831D /* Montserrat-BlackItalic.otf */; };
		041E1E4B24E1EA920052831D /* SIL Open Font License.txt in Resources */ = {isa = PBXBuildFile; fileRef = 041E1E2624E1EA920052831D /* SIL Open Font License.txt */; };
		041E1E4F24E1EA920052831D /* Montserrat-BoldItalic.otf in Resources */ = {isa = PBXBuildFile; fileRef = 041E1E2A24E1EA920052831D /* Montserrat-BoldItalic.otf */; };
		041E1E5024E1EA920052831D /* Montserrat-Light.otf in Resources */ = {isa = PBXBuildFile; fileRef = 041E1E2B24E1EA920052831D /* Montserrat-Light.otf */; };
		041E1E5124E1EA920052831D /* Montserrat-ThinItalic.otf in Resources */ = {isa = PBXBuildFile; fileRef = 041E1E2C24E1EA920052831D /* Montserrat-ThinItalic.otf */; };
		041E1E5224E1EA920052831D /* Montserrat-Thin.otf in Resources */ = {isa = PBXBuildFile; fileRef = 041E1E2D24E1EA920052831D /* Montserrat-Thin.otf */; };
		041E1E5424E1EA920052831D /* Montserrat-ExtraLight.otf in Resources */ = {isa = PBXBuildFile; fileRef = 041E1E2F24E1EA920052831D /* Montserrat-ExtraLight.otf */; };
		041E1E5924E1EA920052831D /* Montserrat-LightItalic.otf in Resources */ = {isa = PBXBuildFile; fileRef = 041E1E3424E1EA920052831D /* Montserrat-LightItalic.otf */; };
		041E1E5A24E1EA920052831D /* Montserrat-Medium.otf in Resources */ = {isa = PBXBuildFile; fileRef = 041E1E3524E1EA920052831D /* Montserrat-Medium.otf */; };
		041E1E5C24E1EA920052831D /* Montserrat-SemiBoldItalic.otf in Resources */ = {isa = PBXBuildFile; fileRef = 041E1E3724E1EA920052831D /* Montserrat-SemiBoldItalic.otf */; };
		041E1E5D24E1EA920052831D /* Montserrat-ExtraBoldItalic.otf in Resources */ = {isa = PBXBuildFile; fileRef = 041E1E3824E1EA920052831D /* Montserrat-ExtraBoldItalic.otf */; };
		041E1E5E24E1EA920052831D /* Montserrat-Italic.otf in Resources */ = {isa = PBXBuildFile; fileRef = 041E1E3924E1EA920052831D /* Montserrat-Italic.otf */; };
		041E1E6024E1EA920052831D /* Montserrat-Regular.otf in Resources */ = {isa = PBXBuildFile; fileRef = 041E1E3B24E1EA920052831D /* Montserrat-Regular.otf */; };
		041E1E6324E1EA920052831D /* Montserrat-ExtraBold.otf in Resources */ = {isa = PBXBuildFile; fileRef = 041E1E3E24E1EA920052831D /* Montserrat-ExtraBold.otf */; };
		041E1E6424E1EA920052831D /* Montserrat-ExtraLightItalic.otf in Resources */ = {isa = PBXBuildFile; fileRef = 041E1E3F24E1EA920052831D /* Montserrat-ExtraLightItalic.otf */; };
		041E1E6924E1EA920052831D /* Montserrat-Black.otf in Resources */ = {isa = PBXBuildFile; fileRef = 041E1E4424E1EA920052831D /* Montserrat-Black.otf */; };
		041E1E6C24E1EA920052831D /* Montserrat-SemiBold.otf in Resources */ = {isa = PBXBuildFile; fileRef = 041E1E4724E1EA920052831D /* Montserrat-SemiBold.otf */; };
		041E1E7924E1EA970052831D /* Muli-ExtraLight.ttf in Resources */ = {isa = PBXBuildFile; fileRef = 041E1E6E24E1EA970052831D /* Muli-ExtraLight.ttf */; };
		041E1E7A24E1EA970052831D /* Muli-ExtraLightItalic.ttf in Resources */ = {isa = PBXBuildFile; fileRef = 041E1E6F24E1EA970052831D /* Muli-ExtraLightItalic.ttf */; };
		041E1E7B24E1EA970052831D /* Muli-BoldItalic.ttf in Resources */ = {isa = PBXBuildFile; fileRef = 041E1E7024E1EA970052831D /* Muli-BoldItalic.ttf */; };
		041E1E7D24E1EA970052831D /* Muli-Semi-BoldItalic.ttf in Resources */ = {isa = PBXBuildFile; fileRef = 041E1E7224E1EA970052831D /* Muli-Semi-BoldItalic.ttf */; };
		041E1E7E24E1EA970052831D /* Muli-Bold.ttf in Resources */ = {isa = PBXBuildFile; fileRef = 041E1E7324E1EA970052831D /* Muli-Bold.ttf */; };
		041E1E7F24E1EA970052831D /* Muli-Italic.ttf in Resources */ = {isa = PBXBuildFile; fileRef = 041E1E7424E1EA970052831D /* Muli-Italic.ttf */; };
		041E1E8024E1EA970052831D /* Muli-SemiBold.ttf in Resources */ = {isa = PBXBuildFile; fileRef = 041E1E7524E1EA970052831D /* Muli-SemiBold.ttf */; };
		041E1E8124E1EA970052831D /* Muli-Light.ttf in Resources */ = {isa = PBXBuildFile; fileRef = 041E1E7624E1EA970052831D /* Muli-Light.ttf */; };
		041E1E8224E1EA970052831D /* Muli.ttf in Resources */ = {isa = PBXBuildFile; fileRef = 041E1E7724E1EA970052831D /* Muli.ttf */; };
		041E1E8324E1EA970052831D /* Muli-LightItalic.ttf in Resources */ = {isa = PBXBuildFile; fileRef = 041E1E7824E1EA970052831D /* Muli-LightItalic.ttf */; };
		041E1E8624E1EB580052831D /* Fonts.swift in Sources */ = {isa = PBXBuildFile; fileRef = 041E1E8524E1EB580052831D /* Fonts.swift */; };
		041E1E8824E1F3890052831D /* FontTests.swift in Sources */ = {isa = PBXBuildFile; fileRef = 041E1E8724E1F3890052831D /* FontTests.swift */; };
		041E1E8A24E1F78D0052831D /* Muli-ExtraLight.ttf in Resources */ = {isa = PBXBuildFile; fileRef = 041E1E6E24E1EA970052831D /* Muli-ExtraLight.ttf */; };
		041E1E8B24E1F78D0052831D /* Muli-ExtraLightItalic.ttf in Resources */ = {isa = PBXBuildFile; fileRef = 041E1E6F24E1EA970052831D /* Muli-ExtraLightItalic.ttf */; };
		041E1E8C24E1F78D0052831D /* Muli-BoldItalic.ttf in Resources */ = {isa = PBXBuildFile; fileRef = 041E1E7024E1EA970052831D /* Muli-BoldItalic.ttf */; };
		041E1E8D24E1F78D0052831D /* Muli-Semi-BoldItalic.ttf in Resources */ = {isa = PBXBuildFile; fileRef = 041E1E7224E1EA970052831D /* Muli-Semi-BoldItalic.ttf */; };
		041E1E8E24E1F78D0052831D /* Muli-Bold.ttf in Resources */ = {isa = PBXBuildFile; fileRef = 041E1E7324E1EA970052831D /* Muli-Bold.ttf */; };
		041E1E8F24E1F78D0052831D /* Muli-Italic.ttf in Resources */ = {isa = PBXBuildFile; fileRef = 041E1E7424E1EA970052831D /* Muli-Italic.ttf */; };
		041E1E9024E1F78D0052831D /* Muli-SemiBold.ttf in Resources */ = {isa = PBXBuildFile; fileRef = 041E1E7524E1EA970052831D /* Muli-SemiBold.ttf */; };
		041E1E9124E1F78D0052831D /* Muli-Light.ttf in Resources */ = {isa = PBXBuildFile; fileRef = 041E1E7624E1EA970052831D /* Muli-Light.ttf */; };
		041E1E9224E1F78D0052831D /* Muli.ttf in Resources */ = {isa = PBXBuildFile; fileRef = 041E1E7724E1EA970052831D /* Muli.ttf */; };
		041E1E9324E1F78D0052831D /* Muli-LightItalic.ttf in Resources */ = {isa = PBXBuildFile; fileRef = 041E1E7824E1EA970052831D /* Muli-LightItalic.ttf */; };
		041E1E9424E1F7970052831D /* Montserrat-MediumItalic.otf in Resources */ = {isa = PBXBuildFile; fileRef = 041E1E2324E1EA920052831D /* Montserrat-MediumItalic.otf */; };
		041E1E9524E1F7970052831D /* Montserrat-Bold.otf in Resources */ = {isa = PBXBuildFile; fileRef = 041E1E2424E1EA920052831D /* Montserrat-Bold.otf */; };
		041E1E9624E1F7970052831D /* Montserrat-BlackItalic.otf in Resources */ = {isa = PBXBuildFile; fileRef = 041E1E2524E1EA920052831D /* Montserrat-BlackItalic.otf */; };
		041E1E9724E1F7970052831D /* Montserrat-BoldItalic.otf in Resources */ = {isa = PBXBuildFile; fileRef = 041E1E2A24E1EA920052831D /* Montserrat-BoldItalic.otf */; };
		041E1E9824E1F7970052831D /* Montserrat-Light.otf in Resources */ = {isa = PBXBuildFile; fileRef = 041E1E2B24E1EA920052831D /* Montserrat-Light.otf */; };
		041E1E9924E1F7970052831D /* Montserrat-ThinItalic.otf in Resources */ = {isa = PBXBuildFile; fileRef = 041E1E2C24E1EA920052831D /* Montserrat-ThinItalic.otf */; };
		041E1E9A24E1F7970052831D /* Montserrat-Thin.otf in Resources */ = {isa = PBXBuildFile; fileRef = 041E1E2D24E1EA920052831D /* Montserrat-Thin.otf */; };
		041E1E9B24E1F7970052831D /* Montserrat-ExtraLight.otf in Resources */ = {isa = PBXBuildFile; fileRef = 041E1E2F24E1EA920052831D /* Montserrat-ExtraLight.otf */; };
		041E1E9C24E1F7970052831D /* Montserrat-LightItalic.otf in Resources */ = {isa = PBXBuildFile; fileRef = 041E1E3424E1EA920052831D /* Montserrat-LightItalic.otf */; };
		041E1E9D24E1F7970052831D /* Montserrat-Medium.otf in Resources */ = {isa = PBXBuildFile; fileRef = 041E1E3524E1EA920052831D /* Montserrat-Medium.otf */; };
		041E1E9E24E1F7970052831D /* Montserrat-SemiBoldItalic.otf in Resources */ = {isa = PBXBuildFile; fileRef = 041E1E3724E1EA920052831D /* Montserrat-SemiBoldItalic.otf */; };
		041E1E9F24E1F7970052831D /* Montserrat-ExtraBoldItalic.otf in Resources */ = {isa = PBXBuildFile; fileRef = 041E1E3824E1EA920052831D /* Montserrat-ExtraBoldItalic.otf */; };
		041E1EA024E1F7970052831D /* Montserrat-Italic.otf in Resources */ = {isa = PBXBuildFile; fileRef = 041E1E3924E1EA920052831D /* Montserrat-Italic.otf */; };
		041E1EA124E1F7970052831D /* Montserrat-Regular.otf in Resources */ = {isa = PBXBuildFile; fileRef = 041E1E3B24E1EA920052831D /* Montserrat-Regular.otf */; };
		041E1EA224E1F7970052831D /* Montserrat-ExtraBold.otf in Resources */ = {isa = PBXBuildFile; fileRef = 041E1E3E24E1EA920052831D /* Montserrat-ExtraBold.otf */; };
		041E1EA324E1F7970052831D /* Montserrat-ExtraLightItalic.otf in Resources */ = {isa = PBXBuildFile; fileRef = 041E1E3F24E1EA920052831D /* Montserrat-ExtraLightItalic.otf */; };
		041E1EA424E1F7970052831D /* Montserrat-Black.otf in Resources */ = {isa = PBXBuildFile; fileRef = 041E1E4424E1EA920052831D /* Montserrat-Black.otf */; };
		041E1EA524E1F7970052831D /* Montserrat-SemiBold.otf in Resources */ = {isa = PBXBuildFile; fileRef = 041E1E4724E1EA920052831D /* Montserrat-SemiBold.otf */; };
		041E1EA724E22B1E0052831D /* Colors.swift in Sources */ = {isa = PBXBuildFile; fileRef = 041E1EA624E22B1E0052831D /* Colors.swift */; };
		041E1EA924E22DF50052831D /* ColorTests.swift in Sources */ = {isa = PBXBuildFile; fileRef = 041E1EA824E22DF50052831D /* ColorTests.swift */; };
		042CD96024F585AA00ADFCB5 /* KeychainAccess in Frameworks */ = {isa = PBXBuildFile; productRef = 042CD95F24F585AA00ADFCB5 /* KeychainAccess */; };
		0445F04A24EC648E00A0A665 /* UserDefaults.swift in Sources */ = {isa = PBXBuildFile; fileRef = 0445F04924EC648E00A0A665 /* UserDefaults.swift */; };
		0445F04C24EC7AA600A0A665 /* UserDefaultsObservation.swift in Sources */ = {isa = PBXBuildFile; fileRef = 0445F04B24EC7AA600A0A665 /* UserDefaultsObservation.swift */; };
		0445F04E24EDD9C700A0A665 /* ESBButton.swift in Sources */ = {isa = PBXBuildFile; fileRef = 0445F04D24EDD9C700A0A665 /* ESBButton.swift */; };
		0445F05024EDEA7F00A0A665 /* ESBCircularImageView.swift in Sources */ = {isa = PBXBuildFile; fileRef = 0445F04F24EDEA7F00A0A665 /* ESBCircularImageView.swift */; };
		049379A524EAE7140084051B /* Images.swift in Sources */ = {isa = PBXBuildFile; fileRef = 049379A424EAE7140084051B /* Images.swift */; };
		049379A724EAE9FF0084051B /* UIView+Layout.swift in Sources */ = {isa = PBXBuildFile; fileRef = 049379A624EAE9FF0084051B /* UIView+Layout.swift */; };
		049379A924EB25600084051B /* Images.xcassets in Resources */ = {isa = PBXBuildFile; fileRef = 049379A824EB25600084051B /* Images.xcassets */; };
		049379AB24EB29160084051B /* ImpactHeaderView.swift in Sources */ = {isa = PBXBuildFile; fileRef = 049379AA24EB29160084051B /* ImpactHeaderView.swift */; };
		04BE6D0124F03F2000DFC47D /* ImpactCellViewModelTests.swift in Sources */ = {isa = PBXBuildFile; fileRef = 04BE6D0024F03F2000DFC47D /* ImpactCellViewModelTests.swift */; };
		04BE6D0324F041E700DFC47D /* ImpactControllerTests.swift in Sources */ = {isa = PBXBuildFile; fileRef = 04BE6D0224F041E700DFC47D /* ImpactControllerTests.swift */; };
		04BE6D0524F045C800DFC47D /* MockImpactProvider.swift in Sources */ = {isa = PBXBuildFile; fileRef = 04BE6D0424F045C800DFC47D /* MockImpactProvider.swift */; };
		04BE6D0924F05A3100DFC47D /* ImpactCellTests.swift in Sources */ = {isa = PBXBuildFile; fileRef = 04BE6D0824F05A3100DFC47D /* ImpactCellTests.swift */; };
		04BE6D0B24F05A6300DFC47D /* ImpactViewControllerTests.swift in Sources */ = {isa = PBXBuildFile; fileRef = 04BE6D0A24F05A6300DFC47D /* ImpactViewControllerTests.swift */; };
		04D1758724E317FB00F8929C /* ImpactStats.swift in Sources */ = {isa = PBXBuildFile; fileRef = 04D1758624E317FB00F8929C /* ImpactStats.swift */; };
		04D1758924E3453B00F8929C /* ImpactCell.swift in Sources */ = {isa = PBXBuildFile; fileRef = 04D1758824E3453B00F8929C /* ImpactCell.swift */; };
		04D1758D24E4195C00F8929C /* GradientView.swift in Sources */ = {isa = PBXBuildFile; fileRef = 04D1758C24E4195C00F8929C /* GradientView.swift */; };
		04D6D72C24E8444C0003A585 /* BackgroundView.swift in Sources */ = {isa = PBXBuildFile; fileRef = 04D6D72B24E8444C0003A585 /* BackgroundView.swift */; };
		04E42DFF24F6C04600D4003E /* Keychain+Okta.swift in Sources */ = {isa = PBXBuildFile; fileRef = 04E42DFE24F6C04600D4003E /* Keychain+Okta.swift */; };
		04FEE1B624E48AB000F51D69 /* ImpactController.swift in Sources */ = {isa = PBXBuildFile; fileRef = 04FEE1B524E48AB000F51D69 /* ImpactController.swift */; };
		04FEE1DC24E5E16600F51D69 /* ImpactCellViewModel.swift in Sources */ = {isa = PBXBuildFile; fileRef = 04FEE1DB24E5E16600F51D69 /* ImpactCellViewModel.swift */; };
		466C4274249A8748007D033E /* AppDelegate.swift in Sources */ = {isa = PBXBuildFile; fileRef = 466C4273249A8748007D033E /* AppDelegate.swift */; };
		466C4276249A8748007D033E /* SceneDelegate.swift in Sources */ = {isa = PBXBuildFile; fileRef = 466C4275249A8748007D033E /* SceneDelegate.swift */; };
		466C427D249A8749007D033E /* Colors.xcassets in Resources */ = {isa = PBXBuildFile; fileRef = 466C427C249A8749007D033E /* Colors.xcassets */; };
		466C4280249A8749007D033E /* LaunchScreen.storyboard in Resources */ = {isa = PBXBuildFile; fileRef = 466C427E249A8749007D033E /* LaunchScreen.storyboard */; };
		46BEB4E124C9828800FE0CD1 /* Profile.swift in Sources */ = {isa = PBXBuildFile; fileRef = 46BEB4E024C9828800FE0CD1 /* Profile.swift */; };
		46BEB4E524C98CDC00FE0CD1 /* LoginViewController.swift in Sources */ = {isa = PBXBuildFile; fileRef = 46BEB4E424C98CDC00FE0CD1 /* LoginViewController.swift */; };
		46BEB4E724C98D8900FE0CD1 /* Notifications.swift in Sources */ = {isa = PBXBuildFile; fileRef = 46BEB4E624C98D8900FE0CD1 /* Notifications.swift */; };
		46BF10BE24D388FF001C6753 /* UIViewController+SimpleAlert.swift in Sources */ = {isa = PBXBuildFile; fileRef = 46BF10BD24D388FF001C6753 /* UIViewController+SimpleAlert.swift */; };
		990CA23D24DB69D9002B5FA4 /* AppFlowCoordinator.swift in Sources */ = {isa = PBXBuildFile; fileRef = 990CA23C24DB69D9002B5FA4 /* AppFlowCoordinator.swift */; };
		990CA23F24DB69ED002B5FA4 /* FlowCoordinator.swift in Sources */ = {isa = PBXBuildFile; fileRef = 990CA23E24DB69ED002B5FA4 /* FlowCoordinator.swift */; };
		990CA24224DB6C19002B5FA4 /* UIStoryboard+Constants.swift in Sources */ = {isa = PBXBuildFile; fileRef = 990CA24124DB6C19002B5FA4 /* UIStoryboard+Constants.swift */; };
		991874D424E4B28900F636FB /* UIView+Subviews.swift in Sources */ = {isa = PBXBuildFile; fileRef = 991874D324E4B28900F636FB /* UIView+Subviews.swift */; };
		992BB63424ED930600638AA4 /* SortDescriptor.swift in Sources */ = {isa = PBXBuildFile; fileRef = 992BB63324ED930600638AA4 /* SortDescriptor.swift */; };
		992BB63A24EDCF1400638AA4 /* PickupDetailViewController.swift in Sources */ = {isa = PBXBuildFile; fileRef = 992BB63924EDCF1400638AA4 /* PickupDetailViewController.swift */; };
		992BB63C24EDD01F00638AA4 /* PickupDetailViewController.storyboard in Resources */ = {isa = PBXBuildFile; fileRef = 992BB63B24EDD01F00638AA4 /* PickupDetailViewController.storyboard */; };
		992BB63E24EEE21300638AA4 /* UserController.swift in Sources */ = {isa = PBXBuildFile; fileRef = 992BB63D24EEE21300638AA4 /* UserController.swift */; };
		992BB64324EEFBAD00638AA4 /* Errors.swift in Sources */ = {isa = PBXBuildFile; fileRef = 992BB64224EEFBAD00638AA4 /* Errors.swift */; };
		992BB64524EF021600638AA4 /* MockLoginProvider.swift in Sources */ = {isa = PBXBuildFile; fileRef = 992BB64424EF021600638AA4 /* MockLoginProvider.swift */; };
		992BB64824EF0F4900638AA4 /* OktaAuth+Shared.swift in Sources */ = {isa = PBXBuildFile; fileRef = 992BB64724EF0F4900638AA4 /* OktaAuth+Shared.swift */; };
		992BB64A24F0319D00638AA4 /* EditCartonViewController.swift in Sources */ = {isa = PBXBuildFile; fileRef = 992BB64924F0319D00638AA4 /* EditCartonViewController.swift */; };
		992BB64C24F033F100638AA4 /* UISwipeActionsConfiguration+Constants.swift in Sources */ = {isa = PBXBuildFile; fileRef = 992BB64B24F033F100638AA4 /* UISwipeActionsConfiguration+Constants.swift */; };
		992C929124F70B0C004FCBBB /* Randomizable.swift in Sources */ = {isa = PBXBuildFile; fileRef = 992C929024F70B0C004FCBBB /* Randomizable.swift */; };
		992FBC8524FDAB8F0099C32D /* PropertyList.swift in Sources */ = {isa = PBXBuildFile; fileRef = 992FBC8424FDAB8F0099C32D /* PropertyList.swift */; };
		992FBC8724FDABE10099C32D /* ESBForm.swift in Sources */ = {isa = PBXBuildFile; fileRef = 992FBC8624FDABE10099C32D /* ESBForm.swift */; };
		992FBC8924FDB2D50099C32D /* PropertyListViewModel.swift in Sources */ = {isa = PBXBuildFile; fileRef = 992FBC8824FDB2D50099C32D /* PropertyListViewModel.swift */; };
		992FBC8B24FDB67D0099C32D /* EditPropertyViewModel.swift in Sources */ = {isa = PBXBuildFile; fileRef = 992FBC8A24FDB67D0099C32D /* EditPropertyViewModel.swift */; };
		992FBC8D24FDB6970099C32D /* EditPropertyView.swift in Sources */ = {isa = PBXBuildFile; fileRef = 992FBC8C24FDB6970099C32D /* EditPropertyView.swift */; };
		992FBC9024FDC01F0099C32D /* MainProfileViewModel.swift in Sources */ = {isa = PBXBuildFile; fileRef = 992FBC8F24FDC01F0099C32D /* MainProfileViewModel.swift */; };
		993B15CC24F42D8C00529517 /* InputPickerView.swift in Sources */ = {isa = PBXBuildFile; fileRef = 993B15CB24F42D8C00529517 /* InputPickerView.swift */; };
		993B15CE24F4575500529517 /* CursorlessTextField.swift in Sources */ = {isa = PBXBuildFile; fileRef = 993B15CD24F4575500529517 /* CursorlessTextField.swift */; };
		994E4B7324DDB48800C12921 /* ImpactCoordinator.swift in Sources */ = {isa = PBXBuildFile; fileRef = 994E4B7224DDB48800C12921 /* ImpactCoordinator.swift */; };
		994E4B7524DDB4A100C12921 /* PickupCoordinator.swift in Sources */ = {isa = PBXBuildFile; fileRef = 994E4B7424DDB4A100C12921 /* PickupCoordinator.swift */; };
		994E4B7724DDB55E00C12921 /* ImpactViewController.swift in Sources */ = {isa = PBXBuildFile; fileRef = 994E4B7624DDB55E00C12921 /* ImpactViewController.swift */; };
		994E4B7924DDB58300C12921 /* UtilityFunctions.swift in Sources */ = {isa = PBXBuildFile; fileRef = 994E4B7824DDB58300C12921 /* UtilityFunctions.swift */; };
		994E4B8924DDB68700C12921 /* UtilityTests.swift in Sources */ = {isa = PBXBuildFile; fileRef = 994E4B8824DDB68700C12921 /* UtilityTests.swift */; };
		99565A3E24E7032A000841F2 /* ListBackgroundColor.swift in Sources */ = {isa = PBXBuildFile; fileRef = 99565A3D24E7032A000841F2 /* ListBackgroundColor.swift */; };
		997BF11224E20AAE00A643D8 /* TextView.swift in Sources */ = {isa = PBXBuildFile; fileRef = 997BF11124E20AAE00A643D8 /* TextView.swift */; };
		9983874824E33A0600450244 /* MockPickupProvider.swift in Sources */ = {isa = PBXBuildFile; fileRef = 9983874724E33A0600450244 /* MockPickupProvider.swift */; };
		9983874C24E4657C00450244 /* KeyboardAvoiding.swift in Sources */ = {isa = PBXBuildFile; fileRef = 9983874B24E4657C00450244 /* KeyboardAvoiding.swift */; };
		9983874E24E4658600450244 /* KeyboardDismissing.swift in Sources */ = {isa = PBXBuildFile; fileRef = 9983874D24E4658600450244 /* KeyboardDismissing.swift */; };
		9985ED1224F06E39009F108F /* SteppedSlider.swift in Sources */ = {isa = PBXBuildFile; fileRef = 9985ED1124F06E39009F108F /* SteppedSlider.swift */; };
		998913CF24DDFE54009ADBC1 /* PickupHistoryView.swift in Sources */ = {isa = PBXBuildFile; fileRef = 998913CE24DDFE54009ADBC1 /* PickupHistoryView.swift */; };
		998913D124DDFF96009ADBC1 /* PickupController.swift in Sources */ = {isa = PBXBuildFile; fileRef = 998913D024DDFF96009ADBC1 /* PickupController.swift */; };
		998913D324DDFFA8009ADBC1 /* Pickup.swift in Sources */ = {isa = PBXBuildFile; fileRef = 998913D224DDFFA8009ADBC1 /* Pickup.swift */; };
		998913D524DE0907009ADBC1 /* PickupHistoryCell.swift in Sources */ = {isa = PBXBuildFile; fileRef = 998913D424DE0907009ADBC1 /* PickupHistoryCell.swift */; };
		998913D724DE0C34009ADBC1 /* Property.swift in Sources */ = {isa = PBXBuildFile; fileRef = 998913D624DE0C33009ADBC1 /* Property.swift */; };
		998913D924DE0C90009ADBC1 /* HospitalityService.swift in Sources */ = {isa = PBXBuildFile; fileRef = 998913D824DE0C90009ADBC1 /* HospitalityService.swift */; };
		998913DB24DE1AC6009ADBC1 /* SwiftUI+Extensions.swift in Sources */ = {isa = PBXBuildFile; fileRef = 998913DA24DE1AC6009ADBC1 /* SwiftUI+Extensions.swift */; };
		9990F6E124F9B78C00DD16B5 /* StripeController.swift in Sources */ = {isa = PBXBuildFile; fileRef = 9990F6E024F9B78C00DD16B5 /* StripeController.swift */; };
		9990F6E324F9BFFE00DD16B5 /* CheckoutViewController.swift in Sources */ = {isa = PBXBuildFile; fileRef = 9990F6E224F9BFFE00DD16B5 /* CheckoutViewController.swift */; };
		9990F6E524F9C8F100DD16B5 /* UIViewController+ErrorAlert.swift in Sources */ = {isa = PBXBuildFile; fileRef = 9990F6E424F9C8F100DD16B5 /* UIViewController+ErrorAlert.swift */; };
		9998716424E1E8C4000A993E /* PickupsView.swift in Sources */ = {isa = PBXBuildFile; fileRef = 9998716324E1E8C4000A993E /* PickupsView.swift */; };
		999CBA3A24F8755E00CDF0F3 /* LoadingViewController.swift in Sources */ = {isa = PBXBuildFile; fileRef = 999CBA3924F8755E00CDF0F3 /* LoadingViewController.swift */; };
		999CBA3D24F9AFF100CDF0F3 /* Stripe.framework in Frameworks */ = {isa = PBXBuildFile; fileRef = 999CBA3C24F9AFF100CDF0F3 /* Stripe.framework */; };
		99B5790324E30F140097957D /* PickupTests.swift in Sources */ = {isa = PBXBuildFile; fileRef = 99B5790224E30F140097957D /* PickupTests.swift */; };
		99B6175B24EAF0A20099664B /* SchedulePickupViewController.swift in Sources */ = {isa = PBXBuildFile; fileRef = 99B6175A24EAF0A20099664B /* SchedulePickupViewController.swift */; };
		99B6175D24EAF0C70099664B /* SchedulePickupViewModel.swift in Sources */ = {isa = PBXBuildFile; fileRef = 99B6175C24EAF0C70099664B /* SchedulePickupViewModel.swift */; };
		99B6176124EB0C4E0099664B /* NewCartonCell.swift in Sources */ = {isa = PBXBuildFile; fileRef = 99B6176024EB0C4E0099664B /* NewCartonCell.swift */; };
		99B6176524EB256D0099664B /* NewCartonViewModel.swift in Sources */ = {isa = PBXBuildFile; fileRef = 99B6176424EB256D0099664B /* NewCartonViewModel.swift */; };
		99B6176F24EC307A0099664B /* KeyboardHandlingViewController.swift in Sources */ = {isa = PBXBuildFile; fileRef = 99B6176E24EC307A0099664B /* KeyboardHandlingViewController.swift */; };
		99B6177124EC3D010099664B /* Publisher+HandleError.swift in Sources */ = {isa = PBXBuildFile; fileRef = 99B6177024EC3D000099664B /* Publisher+HandleError.swift */; };
		99B6177324EC743F0099664B /* LoginCoordinator.swift in Sources */ = {isa = PBXBuildFile; fileRef = 99B6177224EC743F0099664B /* LoginCoordinator.swift */; };
		99C0467624FD8AB400E2B005 /* ProfileCoordinator.swift in Sources */ = {isa = PBXBuildFile; fileRef = 99C0467524FD8AB400E2B005 /* ProfileCoordinator.swift */; };
		99C0467824FD8AF200E2B005 /* MainProfileView.swift in Sources */ = {isa = PBXBuildFile; fileRef = 99C0467724FD8AF200E2B005 /* MainProfileView.swift */; };
		99C0467A24FD8B9200E2B005 /* EditProfileView.swift in Sources */ = {isa = PBXBuildFile; fileRef = 99C0467924FD8B9200E2B005 /* EditProfileView.swift */; };
		99C0467C24FD8BB700E2B005 /* EditProfileViewModel.swift in Sources */ = {isa = PBXBuildFile; fileRef = 99C0467B24FD8BB700E2B005 /* EditProfileViewModel.swift */; };
		E220C32724E35E59003FF32D /* GraphQLQueries.swift in Sources */ = {isa = PBXBuildFile; fileRef = E220C32624E35E59003FF32D /* GraphQLQueries.swift */; };
		E27B4B1B24E1ED2100148E4E /* GraphQLController.swift in Sources */ = {isa = PBXBuildFile; fileRef = E27B4B1A24E1ED2100148E4E /* GraphQLController.swift */; };
		E2AEB12624E7460600C42ACD /* mockImpactStatsFailure.json in Resources */ = {isa = PBXBuildFile; fileRef = E2AEB12424E7371500C42ACD /* mockImpactStatsFailure.json */; };
		E2B961B224E45B5400C5DF8B /* GraphQLMutations.swift in Sources */ = {isa = PBXBuildFile; fileRef = E2B961B124E45B5400C5DF8B /* GraphQLMutations.swift */; };
		E2B961B424E45BF800C5DF8B /* QueryObjects.swift in Sources */ = {isa = PBXBuildFile; fileRef = E2B961B324E45BF800C5DF8B /* QueryObjects.swift */; };
		E2D04F8E24EEE94D00515831 /* mockPickupsByPropertyIdSuccess.json in Resources */ = {isa = PBXBuildFile; fileRef = E2D04F8C24EEDDDF00515831 /* mockPickupsByPropertyIdSuccess.json */; };
		E2D04F8F24EEE95100515831 /* mockPickupsByPropertyIdSuccess.json in Resources */ = {isa = PBXBuildFile; fileRef = E2D04F8C24EEDDDF00515831 /* mockPickupsByPropertyIdSuccess.json */; };
		E2D04F9124F0B7C300515831 /* mockPropertiesByUserIdSuccess.json in Resources */ = {isa = PBXBuildFile; fileRef = E2D04F9024F0B7C300515831 /* mockPropertiesByUserIdSuccess.json */; };
		E2D04F9324F0D50600515831 /* Address.swift in Sources */ = {isa = PBXBuildFile; fileRef = E2D04F9224F0D50600515831 /* Address.swift */; };
		E2D04F9424F0DAC900515831 /* mockPropertiesByUserIdSuccess.json in Resources */ = {isa = PBXBuildFile; fileRef = E2D04F9024F0B7C300515831 /* mockPropertiesByUserIdSuccess.json */; };
		E2D04F9624F1653000515831 /* GraphQLControllerTests.swift in Sources */ = {isa = PBXBuildFile; fileRef = E2D04F9524F1653000515831 /* GraphQLControllerTests.swift */; };
		E2D04F9824F16C1E00515831 /* mockSchedulePickupSuccess.json in Resources */ = {isa = PBXBuildFile; fileRef = E2D04F9724F16C1D00515831 /* mockSchedulePickupSuccess.json */; };
		E2D04F9924F16C1E00515831 /* mockSchedulePickupSuccess.json in Resources */ = {isa = PBXBuildFile; fileRef = E2D04F9724F16C1D00515831 /* mockSchedulePickupSuccess.json */; };
		E2D04F9B24F1726A00515831 /* mockCancelPickupSuccess.json in Resources */ = {isa = PBXBuildFile; fileRef = E2D04F9A24F1726A00515831 /* mockCancelPickupSuccess.json */; };
		E2D04F9C24F1726A00515831 /* mockCancelPickupSuccess.json in Resources */ = {isa = PBXBuildFile; fileRef = E2D04F9A24F1726A00515831 /* mockCancelPickupSuccess.json */; };
		E2D302ED24E5B260008A6FAF /* mockImpactStatsByPropertyId.json in Resources */ = {isa = PBXBuildFile; fileRef = E2D302EC24E5B260008A6FAF /* mockImpactStatsByPropertyId.json */; };
		E2D302EF24E5B489008A6FAF /* mockUserByIdInput.json in Resources */ = {isa = PBXBuildFile; fileRef = E2D302EE24E5B489008A6FAF /* mockUserByIdInput.json */; };
		E2D302F524E5CA32008A6FAF /* User.swift in Sources */ = {isa = PBXBuildFile; fileRef = E2D302F424E5CA32008A6FAF /* User.swift */; };
		E2D302FD24E5EEA0008A6FAF /* GraphQLControllerMockDataTests.swift in Sources */ = {isa = PBXBuildFile; fileRef = E2D302FC24E5EEA0008A6FAF /* GraphQLControllerMockDataTests.swift */; };
		E2D302FF24E5F464008A6FAF /* DataLoader.swift in Sources */ = {isa = PBXBuildFile; fileRef = E2D302FE24E5F464008A6FAF /* DataLoader.swift */; };
		E2D3030124E5F9B8008A6FAF /* MockDataLoader.swift in Sources */ = {isa = PBXBuildFile; fileRef = E2D3030024E5F9B8008A6FAF /* MockDataLoader.swift */; };
/* End PBXBuildFile section */

/* Begin PBXContainerItemProxy section */
		994E4B8324DDB67000C12921 /* PBXContainerItemProxy */ = {
			isa = PBXContainerItemProxy;
			containerPortal = 466C4268249A8748007D033E /* Project object */;
			proxyType = 1;
			remoteGlobalIDString = 466C426F249A8748007D033E;
			remoteInfo = EcoSoapBank;
		};
/* End PBXContainerItemProxy section */

/* Begin PBXFileReference section */
		041E1E2324E1EA920052831D /* Montserrat-MediumItalic.otf */ = {isa = PBXFileReference; lastKnownFileType = file; path = "Montserrat-MediumItalic.otf"; sourceTree = "<group>"; };
		041E1E2424E1EA920052831D /* Montserrat-Bold.otf */ = {isa = PBXFileReference; lastKnownFileType = file; path = "Montserrat-Bold.otf"; sourceTree = "<group>"; };
		041E1E2524E1EA920052831D /* Montserrat-BlackItalic.otf */ = {isa = PBXFileReference; lastKnownFileType = file; path = "Montserrat-BlackItalic.otf"; sourceTree = "<group>"; };
		041E1E2624E1EA920052831D /* SIL Open Font License.txt */ = {isa = PBXFileReference; fileEncoding = 4; lastKnownFileType = text; path = "SIL Open Font License.txt"; sourceTree = "<group>"; };
		041E1E2A24E1EA920052831D /* Montserrat-BoldItalic.otf */ = {isa = PBXFileReference; lastKnownFileType = file; path = "Montserrat-BoldItalic.otf"; sourceTree = "<group>"; };
		041E1E2B24E1EA920052831D /* Montserrat-Light.otf */ = {isa = PBXFileReference; lastKnownFileType = file; path = "Montserrat-Light.otf"; sourceTree = "<group>"; };
		041E1E2C24E1EA920052831D /* Montserrat-ThinItalic.otf */ = {isa = PBXFileReference; lastKnownFileType = file; path = "Montserrat-ThinItalic.otf"; sourceTree = "<group>"; };
		041E1E2D24E1EA920052831D /* Montserrat-Thin.otf */ = {isa = PBXFileReference; lastKnownFileType = file; path = "Montserrat-Thin.otf"; sourceTree = "<group>"; };
		041E1E2F24E1EA920052831D /* Montserrat-ExtraLight.otf */ = {isa = PBXFileReference; lastKnownFileType = file; path = "Montserrat-ExtraLight.otf"; sourceTree = "<group>"; };
		041E1E3424E1EA920052831D /* Montserrat-LightItalic.otf */ = {isa = PBXFileReference; lastKnownFileType = file; path = "Montserrat-LightItalic.otf"; sourceTree = "<group>"; };
		041E1E3524E1EA920052831D /* Montserrat-Medium.otf */ = {isa = PBXFileReference; lastKnownFileType = file; path = "Montserrat-Medium.otf"; sourceTree = "<group>"; };
		041E1E3724E1EA920052831D /* Montserrat-SemiBoldItalic.otf */ = {isa = PBXFileReference; lastKnownFileType = file; path = "Montserrat-SemiBoldItalic.otf"; sourceTree = "<group>"; };
		041E1E3824E1EA920052831D /* Montserrat-ExtraBoldItalic.otf */ = {isa = PBXFileReference; lastKnownFileType = file; path = "Montserrat-ExtraBoldItalic.otf"; sourceTree = "<group>"; };
		041E1E3924E1EA920052831D /* Montserrat-Italic.otf */ = {isa = PBXFileReference; lastKnownFileType = file; path = "Montserrat-Italic.otf"; sourceTree = "<group>"; };
		041E1E3B24E1EA920052831D /* Montserrat-Regular.otf */ = {isa = PBXFileReference; lastKnownFileType = file; path = "Montserrat-Regular.otf"; sourceTree = "<group>"; };
		041E1E3E24E1EA920052831D /* Montserrat-ExtraBold.otf */ = {isa = PBXFileReference; lastKnownFileType = file; path = "Montserrat-ExtraBold.otf"; sourceTree = "<group>"; };
		041E1E3F24E1EA920052831D /* Montserrat-ExtraLightItalic.otf */ = {isa = PBXFileReference; lastKnownFileType = file; path = "Montserrat-ExtraLightItalic.otf"; sourceTree = "<group>"; };
		041E1E4424E1EA920052831D /* Montserrat-Black.otf */ = {isa = PBXFileReference; lastKnownFileType = file; path = "Montserrat-Black.otf"; sourceTree = "<group>"; };
		041E1E4724E1EA920052831D /* Montserrat-SemiBold.otf */ = {isa = PBXFileReference; lastKnownFileType = file; path = "Montserrat-SemiBold.otf"; sourceTree = "<group>"; };
		041E1E6E24E1EA970052831D /* Muli-ExtraLight.ttf */ = {isa = PBXFileReference; lastKnownFileType = file; path = "Muli-ExtraLight.ttf"; sourceTree = "<group>"; };
		041E1E6F24E1EA970052831D /* Muli-ExtraLightItalic.ttf */ = {isa = PBXFileReference; lastKnownFileType = file; path = "Muli-ExtraLightItalic.ttf"; sourceTree = "<group>"; };
		041E1E7024E1EA970052831D /* Muli-BoldItalic.ttf */ = {isa = PBXFileReference; lastKnownFileType = file; path = "Muli-BoldItalic.ttf"; sourceTree = "<group>"; };
		041E1E7224E1EA970052831D /* Muli-Semi-BoldItalic.ttf */ = {isa = PBXFileReference; lastKnownFileType = file; path = "Muli-Semi-BoldItalic.ttf"; sourceTree = "<group>"; };
		041E1E7324E1EA970052831D /* Muli-Bold.ttf */ = {isa = PBXFileReference; lastKnownFileType = file; path = "Muli-Bold.ttf"; sourceTree = "<group>"; };
		041E1E7424E1EA970052831D /* Muli-Italic.ttf */ = {isa = PBXFileReference; lastKnownFileType = file; path = "Muli-Italic.ttf"; sourceTree = "<group>"; };
		041E1E7524E1EA970052831D /* Muli-SemiBold.ttf */ = {isa = PBXFileReference; lastKnownFileType = file; path = "Muli-SemiBold.ttf"; sourceTree = "<group>"; };
		041E1E7624E1EA970052831D /* Muli-Light.ttf */ = {isa = PBXFileReference; lastKnownFileType = file; path = "Muli-Light.ttf"; sourceTree = "<group>"; };
		041E1E7724E1EA970052831D /* Muli.ttf */ = {isa = PBXFileReference; lastKnownFileType = file; path = Muli.ttf; sourceTree = "<group>"; };
		041E1E7824E1EA970052831D /* Muli-LightItalic.ttf */ = {isa = PBXFileReference; lastKnownFileType = file; path = "Muli-LightItalic.ttf"; sourceTree = "<group>"; };
		041E1E8524E1EB580052831D /* Fonts.swift */ = {isa = PBXFileReference; lastKnownFileType = sourcecode.swift; path = Fonts.swift; sourceTree = "<group>"; };
		041E1E8724E1F3890052831D /* FontTests.swift */ = {isa = PBXFileReference; lastKnownFileType = sourcecode.swift; path = FontTests.swift; sourceTree = "<group>"; };
		041E1EA624E22B1E0052831D /* Colors.swift */ = {isa = PBXFileReference; lastKnownFileType = sourcecode.swift; path = Colors.swift; sourceTree = "<group>"; };
		041E1EA824E22DF50052831D /* ColorTests.swift */ = {isa = PBXFileReference; lastKnownFileType = sourcecode.swift; path = ColorTests.swift; sourceTree = "<group>"; };
		0445F04924EC648E00A0A665 /* UserDefaults.swift */ = {isa = PBXFileReference; lastKnownFileType = sourcecode.swift; path = UserDefaults.swift; sourceTree = "<group>"; };
		0445F04B24EC7AA600A0A665 /* UserDefaultsObservation.swift */ = {isa = PBXFileReference; lastKnownFileType = sourcecode.swift; path = UserDefaultsObservation.swift; sourceTree = "<group>"; };
		0445F04D24EDD9C700A0A665 /* ESBButton.swift */ = {isa = PBXFileReference; lastKnownFileType = sourcecode.swift; path = ESBButton.swift; sourceTree = "<group>"; };
		0445F04F24EDEA7F00A0A665 /* ESBCircularImageView.swift */ = {isa = PBXFileReference; lastKnownFileType = sourcecode.swift; path = ESBCircularImageView.swift; sourceTree = "<group>"; };
		049379A424EAE7140084051B /* Images.swift */ = {isa = PBXFileReference; lastKnownFileType = sourcecode.swift; path = Images.swift; sourceTree = "<group>"; };
		049379A624EAE9FF0084051B /* UIView+Layout.swift */ = {isa = PBXFileReference; lastKnownFileType = sourcecode.swift; path = "UIView+Layout.swift"; sourceTree = "<group>"; };
		049379A824EB25600084051B /* Images.xcassets */ = {isa = PBXFileReference; lastKnownFileType = folder.assetcatalog; path = Images.xcassets; sourceTree = "<group>"; };
		049379AA24EB29160084051B /* ImpactHeaderView.swift */ = {isa = PBXFileReference; lastKnownFileType = sourcecode.swift; path = ImpactHeaderView.swift; sourceTree = "<group>"; };
		04BE6D0024F03F2000DFC47D /* ImpactCellViewModelTests.swift */ = {isa = PBXFileReference; lastKnownFileType = sourcecode.swift; path = ImpactCellViewModelTests.swift; sourceTree = "<group>"; };
		04BE6D0224F041E700DFC47D /* ImpactControllerTests.swift */ = {isa = PBXFileReference; lastKnownFileType = sourcecode.swift; path = ImpactControllerTests.swift; sourceTree = "<group>"; };
		04BE6D0424F045C800DFC47D /* MockImpactProvider.swift */ = {isa = PBXFileReference; lastKnownFileType = sourcecode.swift; path = MockImpactProvider.swift; sourceTree = "<group>"; };
		04BE6D0824F05A3100DFC47D /* ImpactCellTests.swift */ = {isa = PBXFileReference; lastKnownFileType = sourcecode.swift; path = ImpactCellTests.swift; sourceTree = "<group>"; };
		04BE6D0A24F05A6300DFC47D /* ImpactViewControllerTests.swift */ = {isa = PBXFileReference; lastKnownFileType = sourcecode.swift; path = ImpactViewControllerTests.swift; sourceTree = "<group>"; };
		04D1758624E317FB00F8929C /* ImpactStats.swift */ = {isa = PBXFileReference; lastKnownFileType = sourcecode.swift; path = ImpactStats.swift; sourceTree = "<group>"; };
		04D1758824E3453B00F8929C /* ImpactCell.swift */ = {isa = PBXFileReference; lastKnownFileType = sourcecode.swift; path = ImpactCell.swift; sourceTree = "<group>"; };
		04D1758C24E4195C00F8929C /* GradientView.swift */ = {isa = PBXFileReference; lastKnownFileType = sourcecode.swift; path = GradientView.swift; sourceTree = "<group>"; };
		04D6D72B24E8444C0003A585 /* BackgroundView.swift */ = {isa = PBXFileReference; lastKnownFileType = sourcecode.swift; path = BackgroundView.swift; sourceTree = "<group>"; };
		04E42DFE24F6C04600D4003E /* Keychain+Okta.swift */ = {isa = PBXFileReference; lastKnownFileType = sourcecode.swift; path = "Keychain+Okta.swift"; sourceTree = "<group>"; };
		04FEE1B524E48AB000F51D69 /* ImpactController.swift */ = {isa = PBXFileReference; lastKnownFileType = sourcecode.swift; path = ImpactController.swift; sourceTree = "<group>"; };
		04FEE1DB24E5E16600F51D69 /* ImpactCellViewModel.swift */ = {isa = PBXFileReference; lastKnownFileType = sourcecode.swift; path = ImpactCellViewModel.swift; sourceTree = "<group>"; };
		466C4270249A8748007D033E /* EcoSoapBank.app */ = {isa = PBXFileReference; explicitFileType = wrapper.application; includeInIndex = 0; path = EcoSoapBank.app; sourceTree = BUILT_PRODUCTS_DIR; };
		466C4273249A8748007D033E /* AppDelegate.swift */ = {isa = PBXFileReference; lastKnownFileType = sourcecode.swift; path = AppDelegate.swift; sourceTree = "<group>"; };
		466C4275249A8748007D033E /* SceneDelegate.swift */ = {isa = PBXFileReference; lastKnownFileType = sourcecode.swift; path = SceneDelegate.swift; sourceTree = "<group>"; };
		466C427C249A8749007D033E /* Colors.xcassets */ = {isa = PBXFileReference; lastKnownFileType = folder.assetcatalog; path = Colors.xcassets; sourceTree = "<group>"; };
		466C427F249A8749007D033E /* Base */ = {isa = PBXFileReference; lastKnownFileType = file.storyboard; name = Base; path = Base.lproj/LaunchScreen.storyboard; sourceTree = "<group>"; };
		466C4281249A8749007D033E /* Info.plist */ = {isa = PBXFileReference; lastKnownFileType = text.plist.xml; path = Info.plist; sourceTree = "<group>"; };
		466C4287249A889F007D033E /* File Organization.md */ = {isa = PBXFileReference; lastKnownFileType = net.daringfireball.markdown; path = "File Organization.md"; sourceTree = "<group>"; };
		46BEB4E024C9828800FE0CD1 /* Profile.swift */ = {isa = PBXFileReference; lastKnownFileType = sourcecode.swift; path = Profile.swift; sourceTree = "<group>"; };
		46BEB4E424C98CDC00FE0CD1 /* LoginViewController.swift */ = {isa = PBXFileReference; lastKnownFileType = sourcecode.swift; path = LoginViewController.swift; sourceTree = "<group>"; };
		46BEB4E624C98D8900FE0CD1 /* Notifications.swift */ = {isa = PBXFileReference; lastKnownFileType = sourcecode.swift; path = Notifications.swift; sourceTree = "<group>"; };
		46BF10BD24D388FF001C6753 /* UIViewController+SimpleAlert.swift */ = {isa = PBXFileReference; lastKnownFileType = sourcecode.swift; path = "UIViewController+SimpleAlert.swift"; sourceTree = "<group>"; };
		990CA23C24DB69D9002B5FA4 /* AppFlowCoordinator.swift */ = {isa = PBXFileReference; lastKnownFileType = sourcecode.swift; path = AppFlowCoordinator.swift; sourceTree = "<group>"; };
		990CA23E24DB69ED002B5FA4 /* FlowCoordinator.swift */ = {isa = PBXFileReference; lastKnownFileType = sourcecode.swift; path = FlowCoordinator.swift; sourceTree = "<group>"; };
		990CA24124DB6C19002B5FA4 /* UIStoryboard+Constants.swift */ = {isa = PBXFileReference; lastKnownFileType = sourcecode.swift; path = "UIStoryboard+Constants.swift"; sourceTree = "<group>"; };
		991874D324E4B28900F636FB /* UIView+Subviews.swift */ = {isa = PBXFileReference; fileEncoding = 4; lastKnownFileType = sourcecode.swift; name = "UIView+Subviews.swift"; path = "EcoSoapBank/Helpers/UIKit/UIView+Subviews.swift"; sourceTree = SOURCE_ROOT; };
		992BB63324ED930600638AA4 /* SortDescriptor.swift */ = {isa = PBXFileReference; lastKnownFileType = sourcecode.swift; path = SortDescriptor.swift; sourceTree = "<group>"; };
		992BB63924EDCF1400638AA4 /* PickupDetailViewController.swift */ = {isa = PBXFileReference; lastKnownFileType = sourcecode.swift; path = PickupDetailViewController.swift; sourceTree = "<group>"; };
		992BB63B24EDD01F00638AA4 /* PickupDetailViewController.storyboard */ = {isa = PBXFileReference; lastKnownFileType = file.storyboard; path = PickupDetailViewController.storyboard; sourceTree = "<group>"; };
		992BB63D24EEE21300638AA4 /* UserController.swift */ = {isa = PBXFileReference; lastKnownFileType = sourcecode.swift; path = UserController.swift; sourceTree = "<group>"; };
		992BB64224EEFBAD00638AA4 /* Errors.swift */ = {isa = PBXFileReference; lastKnownFileType = sourcecode.swift; path = Errors.swift; sourceTree = "<group>"; };
		992BB64424EF021600638AA4 /* MockLoginProvider.swift */ = {isa = PBXFileReference; lastKnownFileType = sourcecode.swift; path = MockLoginProvider.swift; sourceTree = "<group>"; };
		992BB64724EF0F4900638AA4 /* OktaAuth+Shared.swift */ = {isa = PBXFileReference; lastKnownFileType = sourcecode.swift; path = "OktaAuth+Shared.swift"; sourceTree = "<group>"; };
		992BB64924F0319D00638AA4 /* EditCartonViewController.swift */ = {isa = PBXFileReference; lastKnownFileType = sourcecode.swift; path = EditCartonViewController.swift; sourceTree = "<group>"; };
		992BB64B24F033F100638AA4 /* UISwipeActionsConfiguration+Constants.swift */ = {isa = PBXFileReference; lastKnownFileType = sourcecode.swift; path = "UISwipeActionsConfiguration+Constants.swift"; sourceTree = "<group>"; };
		992C929024F70B0C004FCBBB /* Randomizable.swift */ = {isa = PBXFileReference; lastKnownFileType = sourcecode.swift; path = Randomizable.swift; sourceTree = "<group>"; };
		992FBC8424FDAB8F0099C32D /* PropertyList.swift */ = {isa = PBXFileReference; lastKnownFileType = sourcecode.swift; path = PropertyList.swift; sourceTree = "<group>"; };
		992FBC8624FDABE10099C32D /* ESBForm.swift */ = {isa = PBXFileReference; lastKnownFileType = sourcecode.swift; path = ESBForm.swift; sourceTree = "<group>"; };
		992FBC8824FDB2D50099C32D /* PropertyListViewModel.swift */ = {isa = PBXFileReference; lastKnownFileType = sourcecode.swift; path = PropertyListViewModel.swift; sourceTree = "<group>"; };
		992FBC8A24FDB67D0099C32D /* EditPropertyViewModel.swift */ = {isa = PBXFileReference; lastKnownFileType = sourcecode.swift; path = EditPropertyViewModel.swift; sourceTree = "<group>"; };
		992FBC8C24FDB6970099C32D /* EditPropertyView.swift */ = {isa = PBXFileReference; lastKnownFileType = sourcecode.swift; path = EditPropertyView.swift; sourceTree = "<group>"; };
		992FBC8F24FDC01F0099C32D /* MainProfileViewModel.swift */ = {isa = PBXFileReference; lastKnownFileType = sourcecode.swift; path = MainProfileViewModel.swift; sourceTree = "<group>"; };
		993B15CB24F42D8C00529517 /* InputPickerView.swift */ = {isa = PBXFileReference; fileEncoding = 4; lastKnownFileType = sourcecode.swift; path = InputPickerView.swift; sourceTree = "<group>"; };
		993B15CD24F4575500529517 /* CursorlessTextField.swift */ = {isa = PBXFileReference; lastKnownFileType = sourcecode.swift; path = CursorlessTextField.swift; sourceTree = "<group>"; };
		994E4B7224DDB48800C12921 /* ImpactCoordinator.swift */ = {isa = PBXFileReference; lastKnownFileType = sourcecode.swift; path = ImpactCoordinator.swift; sourceTree = "<group>"; };
		994E4B7424DDB4A100C12921 /* PickupCoordinator.swift */ = {isa = PBXFileReference; lastKnownFileType = sourcecode.swift; path = PickupCoordinator.swift; sourceTree = "<group>"; };
		994E4B7624DDB55E00C12921 /* ImpactViewController.swift */ = {isa = PBXFileReference; lastKnownFileType = sourcecode.swift; path = ImpactViewController.swift; sourceTree = "<group>"; };
		994E4B7824DDB58300C12921 /* UtilityFunctions.swift */ = {isa = PBXFileReference; lastKnownFileType = sourcecode.swift; path = UtilityFunctions.swift; sourceTree = "<group>"; };
		994E4B7E24DDB67000C12921 /* EcoSoapBankTests.xctest */ = {isa = PBXFileReference; explicitFileType = wrapper.cfbundle; includeInIndex = 0; path = EcoSoapBankTests.xctest; sourceTree = BUILT_PRODUCTS_DIR; };
		994E4B8224DDB67000C12921 /* Info.plist */ = {isa = PBXFileReference; lastKnownFileType = text.plist.xml; path = Info.plist; sourceTree = "<group>"; };
		994E4B8824DDB68700C12921 /* UtilityTests.swift */ = {isa = PBXFileReference; lastKnownFileType = sourcecode.swift; path = UtilityTests.swift; sourceTree = "<group>"; };
		99565A3D24E7032A000841F2 /* ListBackgroundColor.swift */ = {isa = PBXFileReference; lastKnownFileType = sourcecode.swift; path = ListBackgroundColor.swift; sourceTree = "<group>"; };
		997BF11124E20AAE00A643D8 /* TextView.swift */ = {isa = PBXFileReference; lastKnownFileType = sourcecode.swift; path = TextView.swift; sourceTree = "<group>"; };
		9983874724E33A0600450244 /* MockPickupProvider.swift */ = {isa = PBXFileReference; lastKnownFileType = sourcecode.swift; path = MockPickupProvider.swift; sourceTree = "<group>"; };
		9983874B24E4657C00450244 /* KeyboardAvoiding.swift */ = {isa = PBXFileReference; lastKnownFileType = sourcecode.swift; path = KeyboardAvoiding.swift; sourceTree = "<group>"; };
		9983874D24E4658600450244 /* KeyboardDismissing.swift */ = {isa = PBXFileReference; lastKnownFileType = sourcecode.swift; path = KeyboardDismissing.swift; sourceTree = "<group>"; };
		9985ED1124F06E39009F108F /* SteppedSlider.swift */ = {isa = PBXFileReference; lastKnownFileType = sourcecode.swift; path = SteppedSlider.swift; sourceTree = "<group>"; };
		998913CE24DDFE54009ADBC1 /* PickupHistoryView.swift */ = {isa = PBXFileReference; lastKnownFileType = sourcecode.swift; path = PickupHistoryView.swift; sourceTree = "<group>"; };
		998913D024DDFF96009ADBC1 /* PickupController.swift */ = {isa = PBXFileReference; lastKnownFileType = sourcecode.swift; path = PickupController.swift; sourceTree = "<group>"; };
		998913D224DDFFA8009ADBC1 /* Pickup.swift */ = {isa = PBXFileReference; lastKnownFileType = sourcecode.swift; path = Pickup.swift; sourceTree = "<group>"; };
		998913D424DE0907009ADBC1 /* PickupHistoryCell.swift */ = {isa = PBXFileReference; lastKnownFileType = sourcecode.swift; path = PickupHistoryCell.swift; sourceTree = "<group>"; };
		998913D624DE0C33009ADBC1 /* Property.swift */ = {isa = PBXFileReference; lastKnownFileType = sourcecode.swift; path = Property.swift; sourceTree = "<group>"; };
		998913D824DE0C90009ADBC1 /* HospitalityService.swift */ = {isa = PBXFileReference; lastKnownFileType = sourcecode.swift; path = HospitalityService.swift; sourceTree = "<group>"; };
		998913DA24DE1AC6009ADBC1 /* SwiftUI+Extensions.swift */ = {isa = PBXFileReference; lastKnownFileType = sourcecode.swift; path = "SwiftUI+Extensions.swift"; sourceTree = "<group>"; };
		9990F6E024F9B78C00DD16B5 /* StripeController.swift */ = {isa = PBXFileReference; lastKnownFileType = sourcecode.swift; path = StripeController.swift; sourceTree = "<group>"; };
		9990F6E224F9BFFE00DD16B5 /* CheckoutViewController.swift */ = {isa = PBXFileReference; lastKnownFileType = sourcecode.swift; path = CheckoutViewController.swift; sourceTree = "<group>"; };
		9990F6E424F9C8F100DD16B5 /* UIViewController+ErrorAlert.swift */ = {isa = PBXFileReference; lastKnownFileType = sourcecode.swift; path = "UIViewController+ErrorAlert.swift"; sourceTree = "<group>"; };
		9998716324E1E8C4000A993E /* PickupsView.swift */ = {isa = PBXFileReference; lastKnownFileType = sourcecode.swift; path = PickupsView.swift; sourceTree = "<group>"; };
		999CBA3924F8755E00CDF0F3 /* LoadingViewController.swift */ = {isa = PBXFileReference; lastKnownFileType = sourcecode.swift; path = LoadingViewController.swift; sourceTree = "<group>"; };
		999CBA3C24F9AFF100CDF0F3 /* Stripe.framework */ = {isa = PBXFileReference; lastKnownFileType = wrapper.framework; name = Stripe.framework; path = Carthage/Build/iOS/Stripe.framework; sourceTree = "<group>"; };
		999CBA4124F9B08600CDF0F3 /* input.xcfilelist */ = {isa = PBXFileReference; lastKnownFileType = text.xcfilelist; path = input.xcfilelist; sourceTree = "<group>"; };
		999CBA4224F9B09200CDF0F3 /* output.xcfilelist */ = {isa = PBXFileReference; lastKnownFileType = text.xcfilelist; path = output.xcfilelist; sourceTree = "<group>"; };
		99B5790224E30F140097957D /* PickupTests.swift */ = {isa = PBXFileReference; lastKnownFileType = sourcecode.swift; path = PickupTests.swift; sourceTree = "<group>"; };
		99B6175A24EAF0A20099664B /* SchedulePickupViewController.swift */ = {isa = PBXFileReference; lastKnownFileType = sourcecode.swift; path = SchedulePickupViewController.swift; sourceTree = "<group>"; };
		99B6175C24EAF0C70099664B /* SchedulePickupViewModel.swift */ = {isa = PBXFileReference; lastKnownFileType = sourcecode.swift; path = SchedulePickupViewModel.swift; sourceTree = "<group>"; };
		99B6176024EB0C4E0099664B /* NewCartonCell.swift */ = {isa = PBXFileReference; lastKnownFileType = sourcecode.swift; path = NewCartonCell.swift; sourceTree = "<group>"; };
		99B6176424EB256D0099664B /* NewCartonViewModel.swift */ = {isa = PBXFileReference; lastKnownFileType = sourcecode.swift; path = NewCartonViewModel.swift; sourceTree = "<group>"; };
		99B6176E24EC307A0099664B /* KeyboardHandlingViewController.swift */ = {isa = PBXFileReference; lastKnownFileType = sourcecode.swift; path = KeyboardHandlingViewController.swift; sourceTree = "<group>"; };
		99B6177024EC3D000099664B /* Publisher+HandleError.swift */ = {isa = PBXFileReference; lastKnownFileType = sourcecode.swift; path = "Publisher+HandleError.swift"; sourceTree = "<group>"; };
		99B6177224EC743F0099664B /* LoginCoordinator.swift */ = {isa = PBXFileReference; lastKnownFileType = sourcecode.swift; path = LoginCoordinator.swift; sourceTree = "<group>"; };
		99C0467524FD8AB400E2B005 /* ProfileCoordinator.swift */ = {isa = PBXFileReference; lastKnownFileType = sourcecode.swift; path = ProfileCoordinator.swift; sourceTree = "<group>"; };
		99C0467724FD8AF200E2B005 /* MainProfileView.swift */ = {isa = PBXFileReference; lastKnownFileType = sourcecode.swift; path = MainProfileView.swift; sourceTree = "<group>"; };
		99C0467924FD8B9200E2B005 /* EditProfileView.swift */ = {isa = PBXFileReference; lastKnownFileType = sourcecode.swift; path = EditProfileView.swift; sourceTree = "<group>"; };
		99C0467B24FD8BB700E2B005 /* EditProfileViewModel.swift */ = {isa = PBXFileReference; lastKnownFileType = sourcecode.swift; path = EditProfileViewModel.swift; sourceTree = "<group>"; };
		E220C32624E35E59003FF32D /* GraphQLQueries.swift */ = {isa = PBXFileReference; lastKnownFileType = sourcecode.swift; path = GraphQLQueries.swift; sourceTree = "<group>"; };
		E27B4B1A24E1ED2100148E4E /* GraphQLController.swift */ = {isa = PBXFileReference; lastKnownFileType = sourcecode.swift; path = GraphQLController.swift; sourceTree = "<group>"; };
		E2AEB12424E7371500C42ACD /* mockImpactStatsFailure.json */ = {isa = PBXFileReference; lastKnownFileType = text.json; path = mockImpactStatsFailure.json; sourceTree = "<group>"; };
		E2B961B124E45B5400C5DF8B /* GraphQLMutations.swift */ = {isa = PBXFileReference; lastKnownFileType = sourcecode.swift; path = GraphQLMutations.swift; sourceTree = "<group>"; };
		E2B961B324E45BF800C5DF8B /* QueryObjects.swift */ = {isa = PBXFileReference; lastKnownFileType = sourcecode.swift; path = QueryObjects.swift; sourceTree = "<group>"; };
		E2D04F8C24EEDDDF00515831 /* mockPickupsByPropertyIdSuccess.json */ = {isa = PBXFileReference; lastKnownFileType = text.json; path = mockPickupsByPropertyIdSuccess.json; sourceTree = "<group>"; };
		E2D04F9024F0B7C300515831 /* mockPropertiesByUserIdSuccess.json */ = {isa = PBXFileReference; lastKnownFileType = text.json; path = mockPropertiesByUserIdSuccess.json; sourceTree = "<group>"; };
		E2D04F9224F0D50600515831 /* Address.swift */ = {isa = PBXFileReference; lastKnownFileType = sourcecode.swift; path = Address.swift; sourceTree = "<group>"; };
		E2D04F9524F1653000515831 /* GraphQLControllerTests.swift */ = {isa = PBXFileReference; lastKnownFileType = sourcecode.swift; path = GraphQLControllerTests.swift; sourceTree = "<group>"; };
		E2D04F9724F16C1D00515831 /* mockSchedulePickupSuccess.json */ = {isa = PBXFileReference; lastKnownFileType = text.json; path = mockSchedulePickupSuccess.json; sourceTree = "<group>"; };
		E2D04F9A24F1726A00515831 /* mockCancelPickupSuccess.json */ = {isa = PBXFileReference; lastKnownFileType = text.json; path = mockCancelPickupSuccess.json; sourceTree = "<group>"; };
		E2D302EC24E5B260008A6FAF /* mockImpactStatsByPropertyId.json */ = {isa = PBXFileReference; lastKnownFileType = text.json; path = mockImpactStatsByPropertyId.json; sourceTree = "<group>"; };
		E2D302EE24E5B489008A6FAF /* mockUserByIdInput.json */ = {isa = PBXFileReference; lastKnownFileType = text.json; path = mockUserByIdInput.json; sourceTree = "<group>"; };
		E2D302F424E5CA32008A6FAF /* User.swift */ = {isa = PBXFileReference; lastKnownFileType = sourcecode.swift; path = User.swift; sourceTree = "<group>"; };
		E2D302FC24E5EEA0008A6FAF /* GraphQLControllerMockDataTests.swift */ = {isa = PBXFileReference; lastKnownFileType = sourcecode.swift; path = GraphQLControllerMockDataTests.swift; sourceTree = "<group>"; };
		E2D302FE24E5F464008A6FAF /* DataLoader.swift */ = {isa = PBXFileReference; lastKnownFileType = sourcecode.swift; path = DataLoader.swift; sourceTree = "<group>"; };
		E2D3030024E5F9B8008A6FAF /* MockDataLoader.swift */ = {isa = PBXFileReference; lastKnownFileType = sourcecode.swift; path = MockDataLoader.swift; sourceTree = "<group>"; };
/* End PBXFileReference section */

/* Begin PBXFrameworksBuildPhase section */
		466C426D249A8748007D033E /* Frameworks */ = {
			isa = PBXFrameworksBuildPhase;
			buildActionMask = 2147483647;
			files = (
				042CD96024F585AA00ADFCB5 /* KeychainAccess in Frameworks */,
				041E1E2124E1E1510052831D /* OktaAuth in Frameworks */,
				999CBA3D24F9AFF100CDF0F3 /* Stripe.framework in Frameworks */,
			);
			runOnlyForDeploymentPostprocessing = 0;
		};
		994E4B7B24DDB67000C12921 /* Frameworks */ = {
			isa = PBXFrameworksBuildPhase;
			buildActionMask = 2147483647;
			files = (
			);
			runOnlyForDeploymentPostprocessing = 0;
		};
/* End PBXFrameworksBuildPhase section */

/* Begin PBXGroup section */
		041E1E2224E1EA920052831D /* montserrat */ = {
			isa = PBXGroup;
			children = (
				041E1E2324E1EA920052831D /* Montserrat-MediumItalic.otf */,
				041E1E2424E1EA920052831D /* Montserrat-Bold.otf */,
				041E1E2524E1EA920052831D /* Montserrat-BlackItalic.otf */,
				041E1E2A24E1EA920052831D /* Montserrat-BoldItalic.otf */,
				041E1E2B24E1EA920052831D /* Montserrat-Light.otf */,
				041E1E2C24E1EA920052831D /* Montserrat-ThinItalic.otf */,
				041E1E2D24E1EA920052831D /* Montserrat-Thin.otf */,
				041E1E2F24E1EA920052831D /* Montserrat-ExtraLight.otf */,
				041E1E3424E1EA920052831D /* Montserrat-LightItalic.otf */,
				041E1E3524E1EA920052831D /* Montserrat-Medium.otf */,
				041E1E3724E1EA920052831D /* Montserrat-SemiBoldItalic.otf */,
				041E1E3824E1EA920052831D /* Montserrat-ExtraBoldItalic.otf */,
				041E1E3924E1EA920052831D /* Montserrat-Italic.otf */,
				041E1E3B24E1EA920052831D /* Montserrat-Regular.otf */,
				041E1E3E24E1EA920052831D /* Montserrat-ExtraBold.otf */,
				041E1E3F24E1EA920052831D /* Montserrat-ExtraLightItalic.otf */,
				041E1E4424E1EA920052831D /* Montserrat-Black.otf */,
				041E1E4724E1EA920052831D /* Montserrat-SemiBold.otf */,
			);
			path = montserrat;
			sourceTree = "<group>";
		};
		041E1E6D24E1EA970052831D /* muli */ = {
			isa = PBXGroup;
			children = (
				041E1E6E24E1EA970052831D /* Muli-ExtraLight.ttf */,
				041E1E6F24E1EA970052831D /* Muli-ExtraLightItalic.ttf */,
				041E1E7024E1EA970052831D /* Muli-BoldItalic.ttf */,
				041E1E7224E1EA970052831D /* Muli-Semi-BoldItalic.ttf */,
				041E1E7324E1EA970052831D /* Muli-Bold.ttf */,
				041E1E7424E1EA970052831D /* Muli-Italic.ttf */,
				041E1E7524E1EA970052831D /* Muli-SemiBold.ttf */,
				041E1E7624E1EA970052831D /* Muli-Light.ttf */,
				041E1E7724E1EA970052831D /* Muli.ttf */,
				041E1E7824E1EA970052831D /* Muli-LightItalic.ttf */,
			);
			path = muli;
			sourceTree = "<group>";
		};
		041E1E8424E1EA9C0052831D /* Fonts */ = {
			isa = PBXGroup;
			children = (
				041E1E2624E1EA920052831D /* SIL Open Font License.txt */,
				041E1E6D24E1EA970052831D /* muli */,
				041E1E2224E1EA920052831D /* montserrat */,
			);
			path = Fonts;
			sourceTree = "<group>";
		};
		04BE6D0C24F05ABB00DFC47D /* Impact Tests */ = {
			isa = PBXGroup;
			children = (
				04BE6D0824F05A3100DFC47D /* ImpactCellTests.swift */,
				04BE6D0A24F05A6300DFC47D /* ImpactViewControllerTests.swift */,
				04BE6D0024F03F2000DFC47D /* ImpactCellViewModelTests.swift */,
				04BE6D0224F041E700DFC47D /* ImpactControllerTests.swift */,
			);
			path = "Impact Tests";
			sourceTree = "<group>";
		};
		04D1758E24E41DF500F8929C /* Custom Views */ = {
			isa = PBXGroup;
			children = (
				04D6D72B24E8444C0003A585 /* BackgroundView.swift */,
				0445F04F24EDEA7F00A0A665 /* ESBCircularImageView.swift */,
				04D1758C24E4195C00F8929C /* GradientView.swift */,
				99B6176E24EC307A0099664B /* KeyboardHandlingViewController.swift */,
				0445F04D24EDD9C700A0A665 /* ESBButton.swift */,
				993B15CB24F42D8C00529517 /* InputPickerView.swift */,
				993B15CD24F4575500529517 /* CursorlessTextField.swift */,
				9985ED1124F06E39009F108F /* SteppedSlider.swift */,
				999CBA3924F8755E00CDF0F3 /* LoadingViewController.swift */,
			);
			path = "Custom Views";
			sourceTree = "<group>";
		};
		465DAA2724BD0BC100D94C24 /* App */ = {
			isa = PBXGroup;
			children = (
				041E1E8424E1EA9C0052831D /* Fonts */,
				466C427C249A8749007D033E /* Colors.xcassets */,
				049379A824EB25600084051B /* Images.xcassets */,
				990CA23C24DB69D9002B5FA4 /* AppFlowCoordinator.swift */,
				466C4273249A8748007D033E /* AppDelegate.swift */,
				466C4275249A8748007D033E /* SceneDelegate.swift */,
				466C427E249A8749007D033E /* LaunchScreen.storyboard */,
			);
			path = App;
			sourceTree = "<group>";
		};
		466C4267249A8748007D033E = {
			isa = PBXGroup;
			children = (
				466C4272249A8748007D033E /* EcoSoapBank */,
				994E4B7F24DDB67000C12921 /* EcoSoapBankTests */,
				466C4271249A8748007D033E /* Products */,
				999CBA3B24F9AFF100CDF0F3 /* Frameworks */,
				999CBA4124F9B08600CDF0F3 /* input.xcfilelist */,
				999CBA4224F9B09200CDF0F3 /* output.xcfilelist */,
			);
			sourceTree = "<group>";
		};
		466C4271249A8748007D033E /* Products */ = {
			isa = PBXGroup;
			children = (
				466C4270249A8748007D033E /* EcoSoapBank.app */,
				994E4B7E24DDB67000C12921 /* EcoSoapBankTests.xctest */,
			);
			name = Products;
			sourceTree = "<group>";
		};
		466C4272249A8748007D033E /* EcoSoapBank */ = {
			isa = PBXGroup;
			children = (
				E27B4B1924E1ECE800148E4E /* Network Controller */,
				994E4B6D24DDAEA800C12921 /* Impact */,
				994E4B6E24DDAEB100C12921 /* Pickups */,
				994E4B6F24DDAEB700C12921 /* Payment */,
				99C0467424FD8AA500E2B005 /* Profile */,
				46BEB4EF24C98ED900FE0CD1 /* Login */,
				46BEB4EB24C98EB400FE0CD1 /* Model */,
				46BEB4EC24C98EBB00FE0CD1 /* Model Controller */,
				46BEB4EA24C98EA300FE0CD1 /* Helpers */,
				465DAA2724BD0BC100D94C24 /* App */,
				04D1758E24E41DF500F8929C /* Custom Views */,
				466C4281249A8749007D033E /* Info.plist */,
				466C4287249A889F007D033E /* File Organization.md */,
			);
			path = EcoSoapBank;
			sourceTree = "<group>";
		};
		46BEB4EA24C98EA300FE0CD1 /* Helpers */ = {
			isa = PBXGroup;
			children = (
				9921943324E49AC300E16C16 /* UIKit */,
				9983874F24E4694400450244 /* SwiftUI */,
				46BEB4E624C98D8900FE0CD1 /* Notifications.swift */,
				992BB63324ED930600638AA4 /* SortDescriptor.swift */,
				994E4B7824DDB58300C12921 /* UtilityFunctions.swift */,
				0445F04924EC648E00A0A665 /* UserDefaults.swift */,
				0445F04B24EC7AA600A0A665 /* UserDefaultsObservation.swift */,
				E2D302FE24E5F464008A6FAF /* DataLoader.swift */,
				E2D3030024E5F9B8008A6FAF /* MockDataLoader.swift */,
				99B6177024EC3D000099664B /* Publisher+HandleError.swift */,
				992BB64224EEFBAD00638AA4 /* Errors.swift */,
				992C929024F70B0C004FCBBB /* Randomizable.swift */,
				990CA23E24DB69ED002B5FA4 /* FlowCoordinator.swift */,
			);
			path = Helpers;
			sourceTree = "<group>";
		};
		46BEB4EB24C98EB400FE0CD1 /* Model */ = {
			isa = PBXGroup;
			children = (
				46BEB4E024C9828800FE0CD1 /* Profile.swift */,
				998913D224DDFFA8009ADBC1 /* Pickup.swift */,
				998913D824DE0C90009ADBC1 /* HospitalityService.swift */,
				998913D624DE0C33009ADBC1 /* Property.swift */,
				04D1758624E317FB00F8929C /* ImpactStats.swift */,
				E2D302F424E5CA32008A6FAF /* User.swift */,
				E2D04F9224F0D50600515831 /* Address.swift */,
			);
			path = Model;
			sourceTree = "<group>";
		};
		46BEB4EC24C98EBB00FE0CD1 /* Model Controller */ = {
			isa = PBXGroup;
			children = (
				04FEE1B524E48AB000F51D69 /* ImpactController.swift */,
				998913D024DDFF96009ADBC1 /* PickupController.swift */,
				992BB63D24EEE21300638AA4 /* UserController.swift */,
				9990F6E024F9B78C00DD16B5 /* StripeController.swift */,
				992BB64624EF08E400638AA4 /* Mock Providers */,
			);
			path = "Model Controller";
			sourceTree = "<group>";
		};
		46BEB4EF24C98ED900FE0CD1 /* Login */ = {
			isa = PBXGroup;
			children = (
				99B6177224EC743F0099664B /* LoginCoordinator.swift */,
				46BEB4E424C98CDC00FE0CD1 /* LoginViewController.swift */,
			);
			path = Login;
			sourceTree = "<group>";
		};
		9921943324E49AC300E16C16 /* UIKit */ = {
			isa = PBXGroup;
			children = (
				041E1E8524E1EB580052831D /* Fonts.swift */,
				041E1EA624E22B1E0052831D /* Colors.swift */,
				049379A424EAE7140084051B /* Images.swift */,
				46BF10BD24D388FF001C6753 /* UIViewController+SimpleAlert.swift */,
				990CA24124DB6C19002B5FA4 /* UIStoryboard+Constants.swift */,
				991874D324E4B28900F636FB /* UIView+Subviews.swift */,
				049379A624EAE9FF0084051B /* UIView+Layout.swift */,
				992BB64B24F033F100638AA4 /* UISwipeActionsConfiguration+Constants.swift */,
				9990F6E424F9C8F100DD16B5 /* UIViewController+ErrorAlert.swift */,
			);
			path = UIKit;
			sourceTree = "<group>";
		};
		992BB64624EF08E400638AA4 /* Mock Providers */ = {
			isa = PBXGroup;
			children = (
				9983874724E33A0600450244 /* MockPickupProvider.swift */,
				04BE6D0424F045C800DFC47D /* MockImpactProvider.swift */,
				992BB64424EF021600638AA4 /* MockLoginProvider.swift */,
			);
			path = "Mock Providers";
			sourceTree = "<group>";
		};
		992C928F24F6EFF6004FCBBB /* Helper Tests */ = {
			isa = PBXGroup;
			children = (
				994E4B8824DDB68700C12921 /* UtilityTests.swift */,
				041E1E8724E1F3890052831D /* FontTests.swift */,
				041E1EA824E22DF50052831D /* ColorTests.swift */,
			);
			path = "Helper Tests";
			sourceTree = "<group>";
		};
		992FBC8E24FDBA890099C32D /* Views */ = {
			isa = PBXGroup;
			children = (
				99C0467724FD8AF200E2B005 /* MainProfileView.swift */,
				99C0467924FD8B9200E2B005 /* EditProfileView.swift */,
				992FBC8424FDAB8F0099C32D /* PropertyList.swift */,
				992FBC8C24FDB6970099C32D /* EditPropertyView.swift */,
			);
			path = Views;
			sourceTree = "<group>";
		};
		994E4B6D24DDAEA800C12921 /* Impact */ = {
			isa = PBXGroup;
			children = (
				994E4B7224DDB48800C12921 /* ImpactCoordinator.swift */,
				994E4B7624DDB55E00C12921 /* ImpactViewController.swift */,
				049379AA24EB29160084051B /* ImpactHeaderView.swift */,
				04D1758824E3453B00F8929C /* ImpactCell.swift */,
				04FEE1DB24E5E16600F51D69 /* ImpactCellViewModel.swift */,
			);
			path = Impact;
			sourceTree = "<group>";
		};
		994E4B6E24DDAEB100C12921 /* Pickups */ = {
			isa = PBXGroup;
			children = (
				994E4B7424DDB4A100C12921 /* PickupCoordinator.swift */,
				99B6175C24EAF0C70099664B /* SchedulePickupViewModel.swift */,
				99B6176424EB256D0099664B /* NewCartonViewModel.swift */,
				9985ED1324F08BC5009F108F /* Views */,
			);
			path = Pickups;
			sourceTree = "<group>";
		};
		994E4B6F24DDAEB700C12921 /* Payment */ = {
			isa = PBXGroup;
			children = (
				9990F6E224F9BFFE00DD16B5 /* CheckoutViewController.swift */,
			);
			path = Payment;
			sourceTree = "<group>";
		};
		994E4B7F24DDB67000C12921 /* EcoSoapBankTests */ = {
			isa = PBXGroup;
			children = (
				994E4B8224DDB67000C12921 /* Info.plist */,
				E2AEB12324E736E300C42ACD /* Mock Data */,
				992C928F24F6EFF6004FCBBB /* Helper Tests */,
				04BE6D0C24F05ABB00DFC47D /* Impact Tests */,
				99B5790224E30F140097957D /* PickupTests.swift */,
				E2D302FC24E5EEA0008A6FAF /* GraphQLControllerMockDataTests.swift */,
				E2D04F9524F1653000515831 /* GraphQLControllerTests.swift */,
			);
			path = EcoSoapBankTests;
			sourceTree = "<group>";
		};
		9983874F24E4694400450244 /* SwiftUI */ = {
			isa = PBXGroup;
			children = (
				998913DA24DE1AC6009ADBC1 /* SwiftUI+Extensions.swift */,
				9983874B24E4657C00450244 /* KeyboardAvoiding.swift */,
				9983874D24E4658600450244 /* KeyboardDismissing.swift */,
				997BF11124E20AAE00A643D8 /* TextView.swift */,
				99565A3D24E7032A000841F2 /* ListBackgroundColor.swift */,
				992FBC8624FDABE10099C32D /* ESBForm.swift */,
			);
			path = SwiftUI;
			sourceTree = "<group>";
		};
		9985ED1324F08BC5009F108F /* Views */ = {
			isa = PBXGroup;
			children = (
				9998716324E1E8C4000A993E /* PickupsView.swift */,
				998913CE24DDFE54009ADBC1 /* PickupHistoryView.swift */,
				998913D424DE0907009ADBC1 /* PickupHistoryCell.swift */,
				992BB63924EDCF1400638AA4 /* PickupDetailViewController.swift */,
				992BB63B24EDD01F00638AA4 /* PickupDetailViewController.storyboard */,
				99B6175A24EAF0A20099664B /* SchedulePickupViewController.swift */,
				99B6176024EB0C4E0099664B /* NewCartonCell.swift */,
				992BB64924F0319D00638AA4 /* EditCartonViewController.swift */,
			);
			path = Views;
			sourceTree = "<group>";
		};
		999CBA3B24F9AFF100CDF0F3 /* Frameworks */ = {
			isa = PBXGroup;
			children = (
				999CBA3C24F9AFF100CDF0F3 /* Stripe.framework */,
			);
			name = Frameworks;
			sourceTree = "<group>";
		};
		99C0467424FD8AA500E2B005 /* Profile */ = {
			isa = PBXGroup;
			children = (
				99C0467524FD8AB400E2B005 /* ProfileCoordinator.swift */,
				992FBC8F24FDC01F0099C32D /* MainProfileViewModel.swift */,
				992FBC8824FDB2D50099C32D /* PropertyListViewModel.swift */,
				99C0467B24FD8BB700E2B005 /* EditProfileViewModel.swift */,
				992FBC8A24FDB67D0099C32D /* EditPropertyViewModel.swift */,
				992FBC8E24FDBA890099C32D /* Views */,
			);
			path = Profile;
			sourceTree = "<group>";
		};
		E27B4B1924E1ECE800148E4E /* Network Controller */ = {
			isa = PBXGroup;
			children = (
				E27B4B1A24E1ED2100148E4E /* GraphQLController.swift */,
				E220C32624E35E59003FF32D /* GraphQLQueries.swift */,
				E2B961B124E45B5400C5DF8B /* GraphQLMutations.swift */,
				E2B961B324E45BF800C5DF8B /* QueryObjects.swift */,
				992BB64724EF0F4900638AA4 /* OktaAuth+Shared.swift */,
				04E42DFE24F6C04600D4003E /* Keychain+Okta.swift */,
			);
			path = "Network Controller";
			sourceTree = "<group>";
		};
		E2AEB12324E736E300C42ACD /* Mock Data */ = {
			isa = PBXGroup;
			children = (
				E2D302EC24E5B260008A6FAF /* mockImpactStatsByPropertyId.json */,
				E2D302EE24E5B489008A6FAF /* mockUserByIdInput.json */,
				E2AEB12424E7371500C42ACD /* mockImpactStatsFailure.json */,
				E2D04F8C24EEDDDF00515831 /* mockPickupsByPropertyIdSuccess.json */,
				E2D04F9024F0B7C300515831 /* mockPropertiesByUserIdSuccess.json */,
				E2D04F9724F16C1D00515831 /* mockSchedulePickupSuccess.json */,
				E2D04F9A24F1726A00515831 /* mockCancelPickupSuccess.json */,
			);
			path = "Mock Data";
			sourceTree = "<group>";
		};
/* End PBXGroup section */

/* Begin PBXNativeTarget section */
		466C426F249A8748007D033E /* EcoSoapBank */ = {
			isa = PBXNativeTarget;
			buildConfigurationList = 466C4284249A8749007D033E /* Build configuration list for PBXNativeTarget "EcoSoapBank" */;
			buildPhases = (
				466C426C249A8748007D033E /* Sources */,
				466C426D249A8748007D033E /* Frameworks */,
				466C426E249A8748007D033E /* Resources */,
				9998716224E1AD26000A993E /* SwiftLint */,
				999CBA4024F9B02800CDF0F3 /* Carthage */,
			);
			buildRules = (
			);
			dependencies = (
			);
			name = EcoSoapBank;
			packageProductDependencies = (
				041E1E2024E1E1510052831D /* OktaAuth */,
				042CD95F24F585AA00ADFCB5 /* KeychainAccess */,
			);
			productName = LabsScaffolding;
			productReference = 466C4270249A8748007D033E /* EcoSoapBank.app */;
			productType = "com.apple.product-type.application";
		};
		994E4B7D24DDB67000C12921 /* EcoSoapBankTests */ = {
			isa = PBXNativeTarget;
			buildConfigurationList = 994E4B8524DDB67000C12921 /* Build configuration list for PBXNativeTarget "EcoSoapBankTests" */;
			buildPhases = (
				994E4B7A24DDB67000C12921 /* Sources */,
				994E4B7B24DDB67000C12921 /* Frameworks */,
				994E4B7C24DDB67000C12921 /* Resources */,
			);
			buildRules = (
			);
			dependencies = (
				994E4B8424DDB67000C12921 /* PBXTargetDependency */,
			);
			name = EcoSoapBankTests;
			productName = EcoSoapBankTests;
			productReference = 994E4B7E24DDB67000C12921 /* EcoSoapBankTests.xctest */;
			productType = "com.apple.product-type.bundle.unit-test";
		};
/* End PBXNativeTarget section */

/* Begin PBXProject section */
		466C4268249A8748007D033E /* Project object */ = {
			isa = PBXProject;
			attributes = {
				LastSwiftUpdateCheck = 1160;
				LastUpgradeCheck = 1150;
				ORGANIZATIONNAME = "Spencer Curtis";
				TargetAttributes = {
					466C426F249A8748007D033E = {
						CreatedOnToolsVersion = 11.5;
					};
					994E4B7D24DDB67000C12921 = {
						CreatedOnToolsVersion = 11.6;
						TestTargetID = 466C426F249A8748007D033E;
					};
				};
			};
			buildConfigurationList = 466C426B249A8748007D033E /* Build configuration list for PBXProject "EcoSoapBank" */;
			compatibilityVersion = "Xcode 9.3";
			developmentRegion = en;
			hasScannedForEncodings = 0;
			knownRegions = (
				en,
				Base,
				de,
				"zh-Hans",
				ja,
				nb,
				es,
				it,
				fr,
				fi,
				nl,
				"zh-HK",
				mt,
				"en-GB",
				da,
				"es-419",
				"nn-NO",
				"fr-CA",
				sv,
				ko,
				"zh-Hant",
				hu,
				tr,
				"pt-BR",
				ru,
				"pt-PT",
			);
			mainGroup = 466C4267249A8748007D033E;
			packageReferences = (
				041E1E1F24E1E1510052831D /* XCRemoteSwiftPackageReference "OktaAuth" */,
				042CD95E24F585AA00ADFCB5 /* XCRemoteSwiftPackageReference "KeychainAccess" */,
			);
			productRefGroup = 466C4271249A8748007D033E /* Products */;
			projectDirPath = "";
			projectRoot = "";
			targets = (
				466C426F249A8748007D033E /* EcoSoapBank */,
				994E4B7D24DDB67000C12921 /* EcoSoapBankTests */,
			);
		};
/* End PBXProject section */

/* Begin PBXResourcesBuildPhase section */
		466C426E249A8748007D033E /* Resources */ = {
			isa = PBXResourcesBuildPhase;
			buildActionMask = 2147483647;
			files = (
				041E1E4824E1EA920052831D /* Montserrat-MediumItalic.otf in Resources */,
				466C4280249A8749007D033E /* LaunchScreen.storyboard in Resources */,
				041E1E5924E1EA920052831D /* Montserrat-LightItalic.otf in Resources */,
				466C427D249A8749007D033E /* Colors.xcassets in Resources */,
				041E1E4F24E1EA920052831D /* Montserrat-BoldItalic.otf in Resources */,
				041E1E7924E1EA970052831D /* Muli-ExtraLight.ttf in Resources */,
				041E1E5024E1EA920052831D /* Montserrat-Light.otf in Resources */,
				041E1E6024E1EA920052831D /* Montserrat-Regular.otf in Resources */,
				041E1E4B24E1EA920052831D /* SIL Open Font License.txt in Resources */,
				049379A924EB25600084051B /* Images.xcassets in Resources */,
				041E1E7B24E1EA970052831D /* Muli-BoldItalic.ttf in Resources */,
				041E1E5D24E1EA920052831D /* Montserrat-ExtraBoldItalic.otf in Resources */,
				041E1E6324E1EA920052831D /* Montserrat-ExtraBold.otf in Resources */,
				041E1E6924E1EA920052831D /* Montserrat-Black.otf in Resources */,
				041E1E8124E1EA970052831D /* Muli-Light.ttf in Resources */,
				041E1E5E24E1EA920052831D /* Montserrat-Italic.otf in Resources */,
				041E1E5424E1EA920052831D /* Montserrat-ExtraLight.otf in Resources */,
				E2D04F9B24F1726A00515831 /* mockCancelPickupSuccess.json in Resources */,
				041E1E7A24E1EA970052831D /* Muli-ExtraLightItalic.ttf in Resources */,
				041E1E5A24E1EA920052831D /* Montserrat-Medium.otf in Resources */,
				E2D302ED24E5B260008A6FAF /* mockImpactStatsByPropertyId.json in Resources */,
				041E1E5224E1EA920052831D /* Montserrat-Thin.otf in Resources */,
				E2D04F9824F16C1E00515831 /* mockSchedulePickupSuccess.json in Resources */,
				041E1E4924E1EA920052831D /* Montserrat-Bold.otf in Resources */,
				041E1E6424E1EA920052831D /* Montserrat-ExtraLightItalic.otf in Resources */,
				041E1E8324E1EA970052831D /* Muli-LightItalic.ttf in Resources */,
				E2D302EF24E5B489008A6FAF /* mockUserByIdInput.json in Resources */,
				041E1E7F24E1EA970052831D /* Muli-Italic.ttf in Resources */,
				041E1E8224E1EA970052831D /* Muli.ttf in Resources */,
				041E1E7E24E1EA970052831D /* Muli-Bold.ttf in Resources */,
				041E1E5124E1EA920052831D /* Montserrat-ThinItalic.otf in Resources */,
				E2AEB12624E7460600C42ACD /* mockImpactStatsFailure.json in Resources */,
				041E1E7D24E1EA970052831D /* Muli-Semi-BoldItalic.ttf in Resources */,
				992BB63C24EDD01F00638AA4 /* PickupDetailViewController.storyboard in Resources */,
				041E1E5C24E1EA920052831D /* Montserrat-SemiBoldItalic.otf in Resources */,
				E2D04F9424F0DAC900515831 /* mockPropertiesByUserIdSuccess.json in Resources */,
				E2D04F8E24EEE94D00515831 /* mockPickupsByPropertyIdSuccess.json in Resources */,
				041E1E8024E1EA970052831D /* Muli-SemiBold.ttf in Resources */,
				041E1E4A24E1EA920052831D /* Montserrat-BlackItalic.otf in Resources */,
				041E1E6C24E1EA920052831D /* Montserrat-SemiBold.otf in Resources */,
			);
			runOnlyForDeploymentPostprocessing = 0;
		};
		994E4B7C24DDB67000C12921 /* Resources */ = {
			isa = PBXResourcesBuildPhase;
			buildActionMask = 2147483647;
			files = (
				041E1E8C24E1F78D0052831D /* Muli-BoldItalic.ttf in Resources */,
				041E1EA524E1F7970052831D /* Montserrat-SemiBold.otf in Resources */,
				041E1E9D24E1F7970052831D /* Montserrat-Medium.otf in Resources */,
				041E1E8F24E1F78D0052831D /* Muli-Italic.ttf in Resources */,
				041E1E9A24E1F7970052831D /* Montserrat-Thin.otf in Resources */,
				041E1E9F24E1F7970052831D /* Montserrat-ExtraBoldItalic.otf in Resources */,
				041E1EA224E1F7970052831D /* Montserrat-ExtraBold.otf in Resources */,
				041E1E8E24E1F78D0052831D /* Muli-Bold.ttf in Resources */,
				041E1E8A24E1F78D0052831D /* Muli-ExtraLight.ttf in Resources */,
				041E1EA324E1F7970052831D /* Montserrat-ExtraLightItalic.otf in Resources */,
				041E1E9024E1F78D0052831D /* Muli-SemiBold.ttf in Resources */,
				041E1E9924E1F7970052831D /* Montserrat-ThinItalic.otf in Resources */,
				041E1E9824E1F7970052831D /* Montserrat-Light.otf in Resources */,
				041E1E9624E1F7970052831D /* Montserrat-BlackItalic.otf in Resources */,
				041E1EA124E1F7970052831D /* Montserrat-Regular.otf in Resources */,
				041E1EA024E1F7970052831D /* Montserrat-Italic.otf in Resources */,
				041E1E8D24E1F78D0052831D /* Muli-Semi-BoldItalic.ttf in Resources */,
				041E1E9324E1F78D0052831D /* Muli-LightItalic.ttf in Resources */,
				041E1E9E24E1F7970052831D /* Montserrat-SemiBoldItalic.otf in Resources */,
				041E1E9C24E1F7970052831D /* Montserrat-LightItalic.otf in Resources */,
				041E1E9224E1F78D0052831D /* Muli.ttf in Resources */,
				E2D04F9124F0B7C300515831 /* mockPropertiesByUserIdSuccess.json in Resources */,
				041E1E9124E1F78D0052831D /* Muli-Light.ttf in Resources */,
				E2D04F9924F16C1E00515831 /* mockSchedulePickupSuccess.json in Resources */,
				041E1E9424E1F7970052831D /* Montserrat-MediumItalic.otf in Resources */,
				E2D04F9C24F1726A00515831 /* mockCancelPickupSuccess.json in Resources */,
				041E1EA424E1F7970052831D /* Montserrat-Black.otf in Resources */,
				041E1E9724E1F7970052831D /* Montserrat-BoldItalic.otf in Resources */,
				041E1E8B24E1F78D0052831D /* Muli-ExtraLightItalic.ttf in Resources */,
				E2D04F8F24EEE95100515831 /* mockPickupsByPropertyIdSuccess.json in Resources */,
				041E1E9B24E1F7970052831D /* Montserrat-ExtraLight.otf in Resources */,
				041E1E9524E1F7970052831D /* Montserrat-Bold.otf in Resources */,
			);
			runOnlyForDeploymentPostprocessing = 0;
		};
/* End PBXResourcesBuildPhase section */

/* Begin PBXShellScriptBuildPhase section */
		9998716224E1AD26000A993E /* SwiftLint */ = {
			isa = PBXShellScriptBuildPhase;
			buildActionMask = 2147483647;
			files = (
			);
			inputFileListPaths = (
			);
			inputPaths = (
			);
			name = SwiftLint;
			outputFileListPaths = (
			);
			outputPaths = (
			);
			runOnlyForDeploymentPostprocessing = 0;
			shellPath = /bin/sh;
			shellScript = "if which swiftlint >/dev/null; then\n  swiftlint\nelse\n  echo \"warning: SwiftLint not installed, download from https://github.com/realm/SwiftLint\"\nfi\n";
		};
		999CBA4024F9B02800CDF0F3 /* Carthage */ = {
			isa = PBXShellScriptBuildPhase;
			buildActionMask = 2147483647;
			files = (
			);
			inputFileListPaths = (
				"$(SRCROOT)/input.xcfilelist",
			);
			inputPaths = (
			);
			name = Carthage;
			outputFileListPaths = (
				"$(SRCROOT)/output.xcfilelist",
			);
			outputPaths = (
			);
			runOnlyForDeploymentPostprocessing = 0;
			shellPath = /bin/sh;
			shellScript = "/usr/local/bin/carthage copy-frameworks\n";
		};
/* End PBXShellScriptBuildPhase section */

/* Begin PBXSourcesBuildPhase section */
		466C426C249A8748007D033E /* Sources */ = {
			isa = PBXSourcesBuildPhase;
			buildActionMask = 2147483647;
			files = (
				992BB63E24EEE21300638AA4 /* UserController.swift in Sources */,
				992FBC8524FDAB8F0099C32D /* PropertyList.swift in Sources */,
				E2D302FF24E5F464008A6FAF /* DataLoader.swift in Sources */,
				992BB64C24F033F100638AA4 /* UISwipeActionsConfiguration+Constants.swift in Sources */,
				992BB64824EF0F4900638AA4 /* OktaAuth+Shared.swift in Sources */,
				99B6176124EB0C4E0099664B /* NewCartonCell.swift in Sources */,
				9983874E24E4658600450244 /* KeyboardDismissing.swift in Sources */,
				E27B4B1B24E1ED2100148E4E /* GraphQLController.swift in Sources */,
				04D1758D24E4195C00F8929C /* GradientView.swift in Sources */,
				049379A724EAE9FF0084051B /* UIView+Layout.swift in Sources */,
				992BB63A24EDCF1400638AA4 /* PickupDetailViewController.swift in Sources */,
				04E42DFF24F6C04600D4003E /* Keychain+Okta.swift in Sources */,
				46BF10BE24D388FF001C6753 /* UIViewController+SimpleAlert.swift in Sources */,
				992FBC8B24FDB67D0099C32D /* EditPropertyViewModel.swift in Sources */,
				9990F6E124F9B78C00DD16B5 /* StripeController.swift in Sources */,
				049379AB24EB29160084051B /* ImpactHeaderView.swift in Sources */,
				041E1E8624E1EB580052831D /* Fonts.swift in Sources */,
				990CA24224DB6C19002B5FA4 /* UIStoryboard+Constants.swift in Sources */,
				992BB63424ED930600638AA4 /* SortDescriptor.swift in Sources */,
				994E4B7324DDB48800C12921 /* ImpactCoordinator.swift in Sources */,
				992FBC9024FDC01F0099C32D /* MainProfileViewModel.swift in Sources */,
				04FEE1DC24E5E16600F51D69 /* ImpactCellViewModel.swift in Sources */,
				999CBA3A24F8755E00CDF0F3 /* LoadingViewController.swift in Sources */,
				99C0467824FD8AF200E2B005 /* MainProfileView.swift in Sources */,
				990CA23F24DB69ED002B5FA4 /* FlowCoordinator.swift in Sources */,
				99B6177124EC3D010099664B /* Publisher+HandleError.swift in Sources */,
				994E4B7524DDB4A100C12921 /* PickupCoordinator.swift in Sources */,
				99C0467A24FD8B9200E2B005 /* EditProfileView.swift in Sources */,
				99B6175D24EAF0C70099664B /* SchedulePickupViewModel.swift in Sources */,
				998913D324DDFFA8009ADBC1 /* Pickup.swift in Sources */,
				46BEB4E724C98D8900FE0CD1 /* Notifications.swift in Sources */,
				46BEB4E124C9828800FE0CD1 /* Profile.swift in Sources */,
				993B15CE24F4575500529517 /* CursorlessTextField.swift in Sources */,
				99B6177324EC743F0099664B /* LoginCoordinator.swift in Sources */,
				990CA23D24DB69D9002B5FA4 /* AppFlowCoordinator.swift in Sources */,
				04D6D72C24E8444C0003A585 /* BackgroundView.swift in Sources */,
				04FEE1B624E48AB000F51D69 /* ImpactController.swift in Sources */,
				993B15CC24F42D8C00529517 /* InputPickerView.swift in Sources */,
				041E1EA724E22B1E0052831D /* Colors.swift in Sources */,
				992BB64524EF021600638AA4 /* MockLoginProvider.swift in Sources */,
				994E4B7924DDB58300C12921 /* UtilityFunctions.swift in Sources */,
				992FBC8924FDB2D50099C32D /* PropertyListViewModel.swift in Sources */,
				9990F6E324F9BFFE00DD16B5 /* CheckoutViewController.swift in Sources */,
				99B6175B24EAF0A20099664B /* SchedulePickupViewController.swift in Sources */,
				994E4B7724DDB55E00C12921 /* ImpactViewController.swift in Sources */,
				998913D524DE0907009ADBC1 /* PickupHistoryCell.swift in Sources */,
				0445F04C24EC7AA600A0A665 /* UserDefaultsObservation.swift in Sources */,
				0445F05024EDEA7F00A0A665 /* ESBCircularImageView.swift in Sources */,
				998913CF24DDFE54009ADBC1 /* PickupHistoryView.swift in Sources */,
				992BB64A24F0319D00638AA4 /* EditCartonViewController.swift in Sources */,
				998913D724DE0C34009ADBC1 /* Property.swift in Sources */,
				04BE6D0524F045C800DFC47D /* MockImpactProvider.swift in Sources */,
				E2B961B424E45BF800C5DF8B /* QueryObjects.swift in Sources */,
				99B6176F24EC307A0099664B /* KeyboardHandlingViewController.swift in Sources */,
				99C0467624FD8AB400E2B005 /* ProfileCoordinator.swift in Sources */,
				992BB64324EEFBAD00638AA4 /* Errors.swift in Sources */,
				E2D302F524E5CA32008A6FAF /* User.swift in Sources */,
				99B6176524EB256D0099664B /* NewCartonViewModel.swift in Sources */,
				9983874824E33A0600450244 /* MockPickupProvider.swift in Sources */,
				997BF11224E20AAE00A643D8 /* TextView.swift in Sources */,
				0445F04A24EC648E00A0A665 /* UserDefaults.swift in Sources */,
				E2D04F9324F0D50600515831 /* Address.swift in Sources */,
				9998716424E1E8C4000A993E /* PickupsView.swift in Sources */,
				998913D124DDFF96009ADBC1 /* PickupController.swift in Sources */,
				9990F6E524F9C8F100DD16B5 /* UIViewController+ErrorAlert.swift in Sources */,
				466C4274249A8748007D033E /* AppDelegate.swift in Sources */,
				E2D3030124E5F9B8008A6FAF /* MockDataLoader.swift in Sources */,
				9983874C24E4657C00450244 /* KeyboardAvoiding.swift in Sources */,
				99565A3E24E7032A000841F2 /* ListBackgroundColor.swift in Sources */,
				992FBC8724FDABE10099C32D /* ESBForm.swift in Sources */,
				04D1758724E317FB00F8929C /* ImpactStats.swift in Sources */,
				04D1758924E3453B00F8929C /* ImpactCell.swift in Sources */,
				46BEB4E524C98CDC00FE0CD1 /* LoginViewController.swift in Sources */,
				992FBC8D24FDB6970099C32D /* EditPropertyView.swift in Sources */,
				0445F04E24EDD9C700A0A665 /* ESBButton.swift in Sources */,
				992C929124F70B0C004FCBBB /* Randomizable.swift in Sources */,
				99C0467C24FD8BB700E2B005 /* EditProfileViewModel.swift in Sources */,
				E220C32724E35E59003FF32D /* GraphQLQueries.swift in Sources */,
				998913DB24DE1AC6009ADBC1 /* SwiftUI+Extensions.swift in Sources */,
				E2B961B224E45B5400C5DF8B /* GraphQLMutations.swift in Sources */,
				998913D924DE0C90009ADBC1 /* HospitalityService.swift in Sources */,
				049379A524EAE7140084051B /* Images.swift in Sources */,
				466C4276249A8748007D033E /* SceneDelegate.swift in Sources */,
				9985ED1224F06E39009F108F /* SteppedSlider.swift in Sources */,
				991874D424E4B28900F636FB /* UIView+Subviews.swift in Sources */,
			);
			runOnlyForDeploymentPostprocessing = 0;
		};
		994E4B7A24DDB67000C12921 /* Sources */ = {
			isa = PBXSourcesBuildPhase;
			buildActionMask = 2147483647;
			files = (
				041E1E8824E1F3890052831D /* FontTests.swift in Sources */,
				994E4B8924DDB68700C12921 /* UtilityTests.swift in Sources */,
				04BE6D0324F041E700DFC47D /* ImpactControllerTests.swift in Sources */,
				04BE6D0924F05A3100DFC47D /* ImpactCellTests.swift in Sources */,
				E2D04F9624F1653000515831 /* GraphQLControllerTests.swift in Sources */,
				E2D302FD24E5EEA0008A6FAF /* GraphQLControllerMockDataTests.swift in Sources */,
				041E1EA924E22DF50052831D /* ColorTests.swift in Sources */,
				04BE6D0124F03F2000DFC47D /* ImpactCellViewModelTests.swift in Sources */,
				04BE6D0B24F05A6300DFC47D /* ImpactViewControllerTests.swift in Sources */,
				99B5790324E30F140097957D /* PickupTests.swift in Sources */,
			);
			runOnlyForDeploymentPostprocessing = 0;
		};
/* End PBXSourcesBuildPhase section */

/* Begin PBXTargetDependency section */
		994E4B8424DDB67000C12921 /* PBXTargetDependency */ = {
			isa = PBXTargetDependency;
			target = 466C426F249A8748007D033E /* EcoSoapBank */;
			targetProxy = 994E4B8324DDB67000C12921 /* PBXContainerItemProxy */;
		};
/* End PBXTargetDependency section */

/* Begin PBXVariantGroup section */
		466C427E249A8749007D033E /* LaunchScreen.storyboard */ = {
			isa = PBXVariantGroup;
			children = (
				466C427F249A8749007D033E /* Base */,
			);
			name = LaunchScreen.storyboard;
			sourceTree = "<group>";
		};
/* End PBXVariantGroup section */

/* Begin XCBuildConfiguration section */
		466C4282249A8749007D033E /* Debug */ = {
			isa = XCBuildConfiguration;
			buildSettings = {
				ALWAYS_SEARCH_USER_PATHS = NO;
				CLANG_ANALYZER_NONNULL = YES;
				CLANG_ANALYZER_NUMBER_OBJECT_CONVERSION = YES_AGGRESSIVE;
				CLANG_CXX_LANGUAGE_STANDARD = "gnu++14";
				CLANG_CXX_LIBRARY = "libc++";
				CLANG_ENABLE_MODULES = YES;
				CLANG_ENABLE_OBJC_ARC = YES;
				CLANG_ENABLE_OBJC_WEAK = YES;
				CLANG_WARN_BLOCK_CAPTURE_AUTORELEASING = YES;
				CLANG_WARN_BOOL_CONVERSION = YES;
				CLANG_WARN_COMMA = YES;
				CLANG_WARN_CONSTANT_CONVERSION = YES;
				CLANG_WARN_DEPRECATED_OBJC_IMPLEMENTATIONS = YES;
				CLANG_WARN_DIRECT_OBJC_ISA_USAGE = YES_ERROR;
				CLANG_WARN_DOCUMENTATION_COMMENTS = YES;
				CLANG_WARN_EMPTY_BODY = YES;
				CLANG_WARN_ENUM_CONVERSION = YES;
				CLANG_WARN_INFINITE_RECURSION = YES;
				CLANG_WARN_INT_CONVERSION = YES;
				CLANG_WARN_NON_LITERAL_NULL_CONVERSION = YES;
				CLANG_WARN_OBJC_IMPLICIT_RETAIN_SELF = YES;
				CLANG_WARN_OBJC_LITERAL_CONVERSION = YES;
				CLANG_WARN_OBJC_ROOT_CLASS = YES_ERROR;
				CLANG_WARN_RANGE_LOOP_ANALYSIS = YES;
				CLANG_WARN_STRICT_PROTOTYPES = YES;
				CLANG_WARN_SUSPICIOUS_MOVE = YES;
				CLANG_WARN_UNGUARDED_AVAILABILITY = YES_AGGRESSIVE;
				CLANG_WARN_UNREACHABLE_CODE = YES;
				CLANG_WARN__DUPLICATE_METHOD_MATCH = YES;
				COPY_PHASE_STRIP = NO;
				DEBUG_INFORMATION_FORMAT = dwarf;
				ENABLE_STRICT_OBJC_MSGSEND = YES;
				ENABLE_TESTABILITY = YES;
				GCC_C_LANGUAGE_STANDARD = gnu11;
				GCC_DYNAMIC_NO_PIC = NO;
				GCC_NO_COMMON_BLOCKS = YES;
				GCC_OPTIMIZATION_LEVEL = 0;
				GCC_PREPROCESSOR_DEFINITIONS = (
					"DEBUG=1",
					"$(inherited)",
				);
				GCC_WARN_64_TO_32_BIT_CONVERSION = YES;
				GCC_WARN_ABOUT_RETURN_TYPE = YES_ERROR;
				GCC_WARN_UNDECLARED_SELECTOR = YES;
				GCC_WARN_UNINITIALIZED_AUTOS = YES_AGGRESSIVE;
				GCC_WARN_UNUSED_FUNCTION = YES;
				GCC_WARN_UNUSED_VARIABLE = YES;
				IPHONEOS_DEPLOYMENT_TARGET = 13.5;
				MTL_ENABLE_DEBUG_INFO = INCLUDE_SOURCE;
				MTL_FAST_MATH = YES;
				ONLY_ACTIVE_ARCH = YES;
				SDKROOT = iphoneos;
				SWIFT_ACTIVE_COMPILATION_CONDITIONS = DEBUG;
				SWIFT_OPTIMIZATION_LEVEL = "-Onone";
			};
			name = Debug;
		};
		466C4283249A8749007D033E /* Release */ = {
			isa = XCBuildConfiguration;
			buildSettings = {
				ALWAYS_SEARCH_USER_PATHS = NO;
				CLANG_ANALYZER_NONNULL = YES;
				CLANG_ANALYZER_NUMBER_OBJECT_CONVERSION = YES_AGGRESSIVE;
				CLANG_CXX_LANGUAGE_STANDARD = "gnu++14";
				CLANG_CXX_LIBRARY = "libc++";
				CLANG_ENABLE_MODULES = YES;
				CLANG_ENABLE_OBJC_ARC = YES;
				CLANG_ENABLE_OBJC_WEAK = YES;
				CLANG_WARN_BLOCK_CAPTURE_AUTORELEASING = YES;
				CLANG_WARN_BOOL_CONVERSION = YES;
				CLANG_WARN_COMMA = YES;
				CLANG_WARN_CONSTANT_CONVERSION = YES;
				CLANG_WARN_DEPRECATED_OBJC_IMPLEMENTATIONS = YES;
				CLANG_WARN_DIRECT_OBJC_ISA_USAGE = YES_ERROR;
				CLANG_WARN_DOCUMENTATION_COMMENTS = YES;
				CLANG_WARN_EMPTY_BODY = YES;
				CLANG_WARN_ENUM_CONVERSION = YES;
				CLANG_WARN_INFINITE_RECURSION = YES;
				CLANG_WARN_INT_CONVERSION = YES;
				CLANG_WARN_NON_LITERAL_NULL_CONVERSION = YES;
				CLANG_WARN_OBJC_IMPLICIT_RETAIN_SELF = YES;
				CLANG_WARN_OBJC_LITERAL_CONVERSION = YES;
				CLANG_WARN_OBJC_ROOT_CLASS = YES_ERROR;
				CLANG_WARN_RANGE_LOOP_ANALYSIS = YES;
				CLANG_WARN_STRICT_PROTOTYPES = YES;
				CLANG_WARN_SUSPICIOUS_MOVE = YES;
				CLANG_WARN_UNGUARDED_AVAILABILITY = YES_AGGRESSIVE;
				CLANG_WARN_UNREACHABLE_CODE = YES;
				CLANG_WARN__DUPLICATE_METHOD_MATCH = YES;
				COPY_PHASE_STRIP = NO;
				DEBUG_INFORMATION_FORMAT = "dwarf-with-dsym";
				ENABLE_NS_ASSERTIONS = NO;
				ENABLE_STRICT_OBJC_MSGSEND = YES;
				GCC_C_LANGUAGE_STANDARD = gnu11;
				GCC_NO_COMMON_BLOCKS = YES;
				GCC_WARN_64_TO_32_BIT_CONVERSION = YES;
				GCC_WARN_ABOUT_RETURN_TYPE = YES_ERROR;
				GCC_WARN_UNDECLARED_SELECTOR = YES;
				GCC_WARN_UNINITIALIZED_AUTOS = YES_AGGRESSIVE;
				GCC_WARN_UNUSED_FUNCTION = YES;
				GCC_WARN_UNUSED_VARIABLE = YES;
				IPHONEOS_DEPLOYMENT_TARGET = 13.5;
				MTL_ENABLE_DEBUG_INFO = NO;
				MTL_FAST_MATH = YES;
				SDKROOT = iphoneos;
				SWIFT_COMPILATION_MODE = wholemodule;
				SWIFT_OPTIMIZATION_LEVEL = "-O";
				VALIDATE_PRODUCT = YES;
			};
			name = Release;
		};
		466C4285249A8749007D033E /* Debug */ = {
			isa = XCBuildConfiguration;
			buildSettings = {
				ASSETCATALOG_COMPILER_APPICON_NAME = AppIcon;
				CODE_SIGN_STYLE = Automatic;
				FRAMEWORK_SEARCH_PATHS = (
					"$(inherited)",
					"$(PROJECT_DIR)/Carthage/Build/iOS",
				);
				INFOPLIST_FILE = EcoSoapBank/Info.plist;
				IPHONEOS_DEPLOYMENT_TARGET = 13.0;
				LD_RUNPATH_SEARCH_PATHS = (
					"$(inherited)",
					"@executable_path/Frameworks",
				);
				PRODUCT_BUNDLE_IDENTIFIER = com.LambdaSchool.EcoSoapBankA;
				PRODUCT_NAME = EcoSoapBank;
				SWIFT_VERSION = 5.0;
				TARGETED_DEVICE_FAMILY = 1;
			};
			name = Debug;
		};
		466C4286249A8749007D033E /* Release */ = {
			isa = XCBuildConfiguration;
			buildSettings = {
				ASSETCATALOG_COMPILER_APPICON_NAME = AppIcon;
				CODE_SIGN_STYLE = Automatic;
				FRAMEWORK_SEARCH_PATHS = (
					"$(inherited)",
					"$(PROJECT_DIR)/Carthage/Build/iOS",
				);
				INFOPLIST_FILE = EcoSoapBank/Info.plist;
				IPHONEOS_DEPLOYMENT_TARGET = 13.0;
				LD_RUNPATH_SEARCH_PATHS = (
					"$(inherited)",
					"@executable_path/Frameworks",
				);
				PRODUCT_BUNDLE_IDENTIFIER = com.LambdaSchool.EcoSoapBankA;
				PRODUCT_NAME = EcoSoapBank;
				SWIFT_VERSION = 5.0;
				TARGETED_DEVICE_FAMILY = 1;
			};
			name = Release;
		};
		994E4B8624DDB67000C12921 /* Debug */ = {
			isa = XCBuildConfiguration;
			buildSettings = {
				BUNDLE_LOADER = "$(TEST_HOST)";
				CODE_SIGN_STYLE = Automatic;
				INFOPLIST_FILE = EcoSoapBankTests/Info.plist;
				IPHONEOS_DEPLOYMENT_TARGET = 13.6;
				LD_RUNPATH_SEARCH_PATHS = (
					"$(inherited)",
					"@executable_path/Frameworks",
					"@loader_path/Frameworks",
				);
				PRODUCT_BUNDLE_IDENTIFIER = com.LambdaSchool.EcoSoapBankTests;
				PRODUCT_NAME = "$(TARGET_NAME)";
				SWIFT_VERSION = 5.0;
				TARGETED_DEVICE_FAMILY = "1,2";
				TEST_HOST = "$(BUILT_PRODUCTS_DIR)/EcoSoapBank.app/EcoSoapBank";
			};
			name = Debug;
		};
		994E4B8724DDB67000C12921 /* Release */ = {
			isa = XCBuildConfiguration;
			buildSettings = {
				BUNDLE_LOADER = "$(TEST_HOST)";
				CODE_SIGN_STYLE = Automatic;
				INFOPLIST_FILE = EcoSoapBankTests/Info.plist;
				IPHONEOS_DEPLOYMENT_TARGET = 13.6;
				LD_RUNPATH_SEARCH_PATHS = (
					"$(inherited)",
					"@executable_path/Frameworks",
					"@loader_path/Frameworks",
				);
				PRODUCT_BUNDLE_IDENTIFIER = com.LambdaSchool.EcoSoapBankTests;
				PRODUCT_NAME = "$(TARGET_NAME)";
				SWIFT_VERSION = 5.0;
				TARGETED_DEVICE_FAMILY = "1,2";
				TEST_HOST = "$(BUILT_PRODUCTS_DIR)/EcoSoapBank.app/EcoSoapBank";
			};
			name = Release;
		};
/* End XCBuildConfiguration section */

/* Begin XCConfigurationList section */
		466C426B249A8748007D033E /* Build configuration list for PBXProject "EcoSoapBank" */ = {
			isa = XCConfigurationList;
			buildConfigurations = (
				466C4282249A8749007D033E /* Debug */,
				466C4283249A8749007D033E /* Release */,
			);
			defaultConfigurationIsVisible = 0;
			defaultConfigurationName = Release;
		};
		466C4284249A8749007D033E /* Build configuration list for PBXNativeTarget "EcoSoapBank" */ = {
			isa = XCConfigurationList;
			buildConfigurations = (
				466C4285249A8749007D033E /* Debug */,
				466C4286249A8749007D033E /* Release */,
			);
			defaultConfigurationIsVisible = 0;
			defaultConfigurationName = Release;
		};
		994E4B8524DDB67000C12921 /* Build configuration list for PBXNativeTarget "EcoSoapBankTests" */ = {
			isa = XCConfigurationList;
			buildConfigurations = (
				994E4B8624DDB67000C12921 /* Debug */,
				994E4B8724DDB67000C12921 /* Release */,
			);
			defaultConfigurationIsVisible = 0;
			defaultConfigurationName = Release;
		};
/* End XCConfigurationList section */

/* Begin XCRemoteSwiftPackageReference section */
		041E1E1F24E1E1510052831D /* XCRemoteSwiftPackageReference "OktaAuth" */ = {
			isa = XCRemoteSwiftPackageReference;
			repositoryURL = "https://github.com/SpencerCurtis/OktaAuth.git";
			requirement = {
				kind = upToNextMajorVersion;
				minimumVersion = 1.0.0;
			};
		};
		042CD95E24F585AA00ADFCB5 /* XCRemoteSwiftPackageReference "KeychainAccess" */ = {
			isa = XCRemoteSwiftPackageReference;
			repositoryURL = "https://github.com/kishikawakatsumi/KeychainAccess";
			requirement = {
				kind = upToNextMajorVersion;
				minimumVersion = 4.2.0;
			};
		};
/* End XCRemoteSwiftPackageReference section */

/* Begin XCSwiftPackageProductDependency section */
		041E1E2024E1E1510052831D /* OktaAuth */ = {
			isa = XCSwiftPackageProductDependency;
			package = 041E1E1F24E1E1510052831D /* XCRemoteSwiftPackageReference "OktaAuth" */;
			productName = OktaAuth;
		};
		042CD95F24F585AA00ADFCB5 /* KeychainAccess */ = {
			isa = XCSwiftPackageProductDependency;
			package = 042CD95E24F585AA00ADFCB5 /* XCRemoteSwiftPackageReference "KeychainAccess" */;
			productName = KeychainAccess;
		};
/* End XCSwiftPackageProductDependency section */
	};
	rootObject = 466C4268249A8748007D033E /* Project object */;
}
